<?xml version="1.0" encoding="utf-8"?>
<Project ToolsVersion="4.0" xmlns="http://schemas.microsoft.com/developer/msbuild/2003">
  <ItemGroup>
    <Filter Include="Application">
      <UniqueIdentifier>{93995380-89BD-4b04-88EB-625FBE52EBFB}</UniqueIdentifier>
      <Extensions>h;hh;hpp;hxx;hm;inl;inc;xsd</Extensions>
    </Filter>
    <Filter Include="Utility">
      <UniqueIdentifier>{5a2cf5c6-d233-4ba1-85a0-23cb875af924}</UniqueIdentifier>
    </Filter>
    <Filter Include="Event">
      <UniqueIdentifier>{71574cba-3673-423d-a3ac-b86d31384752}</UniqueIdentifier>
    </Filter>
    <Filter Include="Event\Windows Message">
      <UniqueIdentifier>{456b6ef1-a22c-45a2-8caa-f3eb67cb1833}</UniqueIdentifier>
    </Filter>
    <Filter Include="Event\Windows Message\Keyboard">
      <UniqueIdentifier>{ab01364f-cae1-4558-a934-fb1188e26f34}</UniqueIdentifier>
    </Filter>
    <Filter Include="Event\Windows Message\Mouse">
      <UniqueIdentifier>{79a69074-6c8e-4faa-8d88-0e6c61e6f683}</UniqueIdentifier>
    </Filter>
    <Filter Include="Event\Windows Message\Window">
      <UniqueIdentifier>{a51fb9b3-ee16-4e5b-89b0-f925a9357e18}</UniqueIdentifier>
    </Filter>
    <Filter Include="Event\Render">
      <UniqueIdentifier>{d943593c-b6a8-40e6-a76f-ca9ae494412d}</UniqueIdentifier>
    </Filter>
    <Filter Include="Event\Notification">
      <UniqueIdentifier>{ed4ac5c0-a764-45a2-8328-3b5623218401}</UniqueIdentifier>
    </Filter>
    <Filter Include="Render">
      <UniqueIdentifier>{dbb5e819-eaa2-49b0-9855-1ff23bb88ddd}</UniqueIdentifier>
    </Filter>
    <Filter Include="Pipeline">
      <UniqueIdentifier>{2aa7961d-6d85-4df9-9f76-a387b20ed1ec}</UniqueIdentifier>
    </Filter>
    <Filter Include="Pipeline\StageExecutor">
      <UniqueIdentifier>{77cfaf19-43af-4617-9019-11452171cce5}</UniqueIdentifier>
    </Filter>
    <Filter Include="Pipeline\PipelineStage">
      <UniqueIdentifier>{d1060fec-7bc6-401b-95f5-c8a0848ab63b}</UniqueIdentifier>
    </Filter>
    <Filter Include="Pipeline\PipelineStage\ProgrammableStage">
      <UniqueIdentifier>{d99ec2da-2226-4fa7-9edc-0cd4bb59d432}</UniqueIdentifier>
    </Filter>
    <Filter Include="Pipeline\PipelineStage\Common">
      <UniqueIdentifier>{4b4fb4cb-4d40-41b9-8924-40b5ed7e0de1}</UniqueIdentifier>
    </Filter>
    <Filter Include="Pipeline\StageExecutor\InputAssembler">
      <UniqueIdentifier>{8ac4333d-70de-480f-b1d2-3bc4ebbe19d9}</UniqueIdentifier>
    </Filter>
    <Filter Include="Object">
      <UniqueIdentifier>{a3cdcb80-f465-48f0-8ba4-f1176fdca44e}</UniqueIdentifier>
    </Filter>
    <Filter Include="Object\Controller">
      <UniqueIdentifier>{9ee0fca1-2dc6-4018-a111-6e309b91b49f}</UniqueIdentifier>
    </Filter>
    <Filter Include="Object\Scene">
      <UniqueIdentifier>{5d35b1d1-dc83-493a-834c-9bd34a251094}</UniqueIdentifier>
    </Filter>
    <Filter Include="Pipeline\StageExecutor\Basic">
      <UniqueIdentifier>{0dcdfc2a-1e5b-4eaf-ad43-e05c1eb9888b}</UniqueIdentifier>
    </Filter>
    <Filter Include="Parameter">
      <UniqueIdentifier>{9dcf9708-6f4b-41ab-8ef1-441c3376731d}</UniqueIdentifier>
    </Filter>
    <Filter Include="Parameter\ParameterWriter">
      <UniqueIdentifier>{fb963b9e-5823-48a7-ba2f-40db1d4bbe6e}</UniqueIdentifier>
    </Filter>
    <Filter Include="Parameter\Parameters">
      <UniqueIdentifier>{d889e48c-adc8-4fd5-b255-999d732ff324}</UniqueIdentifier>
    </Filter>
    <Filter Include="Parameter\Parameters\Numeric">
      <UniqueIdentifier>{9affd454-4fd7-4e03-a39a-e13cfdd451d7}</UniqueIdentifier>
    </Filter>
    <Filter Include="Parameter\Parameters\Object">
      <UniqueIdentifier>{bdc297f1-0a64-4c48-8db4-54d48a3c7a6f}</UniqueIdentifier>
    </Filter>
    <Filter Include="Parameter\Parameters\BaseClass">
      <UniqueIdentifier>{cc688bd5-c247-45f5-99f2-09b810e9006f}</UniqueIdentifier>
    </Filter>
    <Filter Include="Pipeline\PipelineStage\ProgrammableStage\ShaderProgram">
      <UniqueIdentifier>{34e8652c-fb96-410a-8831-033c9d9457f7}</UniqueIdentifier>
    </Filter>
    <Filter Include="Pipeline\PipelineStage\ProgrammableStage\Stages">
      <UniqueIdentifier>{77fef6cc-7d90-4bcf-a081-08354931f107}</UniqueIdentifier>
    </Filter>
    <Filter Include="Pipeline\PipelineStage\ProgrammableStage\ShaderProgram\Reflection">
      <UniqueIdentifier>{69fe48b1-e4a7-42a2-9f0d-2e01d95b49ea}</UniqueIdentifier>
    </Filter>
    <Filter Include="Pipeline\PipelineStage\FixedStages">
      <UniqueIdentifier>{c5cb5edf-593b-47b6-9edb-6a0d820c9c5f}</UniqueIdentifier>
    </Filter>
    <Filter Include="Pipeline\PipelineStage\FixedStages\StreamOutStage">
      <UniqueIdentifier>{27c92bef-f3c7-4ef6-a310-4c20a95e5d35}</UniqueIdentifier>
    </Filter>
    <Filter Include="Pipeline\PipelineStage\FixedStages\InputAssemblerStage">
      <UniqueIdentifier>{58e4861d-7d8e-4bea-b127-a259e7e8553b}</UniqueIdentifier>
    </Filter>
    <Filter Include="Pipeline\PipelineStage\FixedStages\OutputMergeStage">
      <UniqueIdentifier>{8dc21d52-35fd-432e-b3a1-2897aa66eacb}</UniqueIdentifier>
    </Filter>
    <Filter Include="Pipeline\PipelineStage\FixedStages\RasterizerStage">
      <UniqueIdentifier>{15b1236c-e895-4fdb-a62a-08cc7f43f5e9}</UniqueIdentifier>
    </Filter>
    <Filter Include="Pipeline\PipelineStage\ProgrammableStage\Stages\ShaderStage">
      <UniqueIdentifier>{33c3a479-7aef-4842-b451-c29cfd5ceaea}</UniqueIdentifier>
    </Filter>
    <Filter Include="Pipeline\PipelineStage\ProgrammableStage\Stages\State">
      <UniqueIdentifier>{c8cf6663-43c7-411a-ba02-98dd24bbed1d}</UniqueIdentifier>
    </Filter>
    <Filter Include="Object\Actor">
      <UniqueIdentifier>{cc6b5c2a-44be-4876-b3f9-27b1d5cfd3da}</UniqueIdentifier>
    </Filter>
    <Filter Include="Object\Actor\Light">
      <UniqueIdentifier>{b891001b-eefc-4f15-97b1-a830122792c2}</UniqueIdentifier>
    </Filter>
    <Filter Include="Object\Actor\Camera">
      <UniqueIdentifier>{716defe4-89f0-4e85-9567-8633f051ed2d}</UniqueIdentifier>
    </Filter>
    <Filter Include="Resource">
      <UniqueIdentifier>{ea1f2497-6305-4e47-9fd9-74ef865bbec4}</UniqueIdentifier>
    </Filter>
    <Filter Include="Resource\Buffer">
      <UniqueIdentifier>{101b01d5-0f5c-41bf-be30-1330b821f121}</UniqueIdentifier>
    </Filter>
    <Filter Include="Resource\Texture">
      <UniqueIdentifier>{c68dab84-e7f1-4472-a265-fe2fc4e0957c}</UniqueIdentifier>
    </Filter>
    <Filter Include="Resource\ResourceView">
      <UniqueIdentifier>{124d98dd-fbdb-454f-8e81-075f82d3cdb8}</UniqueIdentifier>
    </Filter>
    <Filter Include="Resource\State">
      <UniqueIdentifier>{474f8e69-f094-4c41-94d1-47c97c67afe5}</UniqueIdentifier>
    </Filter>
    <Filter Include="Parameter\Parameters\Numeric\Scalar">
      <UniqueIdentifier>{8534860a-18df-4e8c-98e4-e53a04512bcc}</UniqueIdentifier>
    </Filter>
    <Filter Include="Parameter\Parameters\Numeric\Vector">
      <UniqueIdentifier>{410c025b-c9e8-4245-b949-006a5de403a0}</UniqueIdentifier>
    </Filter>
    <Filter Include="Parameter\Parameters\Numeric\Matrix">
      <UniqueIdentifier>{8a0aa56c-fc3e-4548-8c10-da029fe7bffa}</UniqueIdentifier>
    </Filter>
    <Filter Include="Parameter\Parameters\Struct">
      <UniqueIdentifier>{c0a51dc7-44b9-42e8-a3bb-8e9441ceb528}</UniqueIdentifier>
    </Filter>
    <Filter Include="Parameter\ParameterWriter\ScalarWriter">
      <UniqueIdentifier>{9a762652-ac87-4dcc-b9fb-24735f5df56c}</UniqueIdentifier>
    </Filter>
    <Filter Include="Parameter\ParameterWriter\VectorWriter">
      <UniqueIdentifier>{0d3dfd70-7195-4b72-a7c4-c6553fe2f4c3}</UniqueIdentifier>
    </Filter>
    <Filter Include="Parameter\ParameterWriter\ObjectWriter">
      <UniqueIdentifier>{c24940ee-f004-4778-a14d-47275609e7c2}</UniqueIdentifier>
    </Filter>
    <Filter Include="Parameter\ParameterWriter\MatrixWriter">
      <UniqueIdentifier>{890ab011-dec5-45ca-b707-2d9da31f2108}</UniqueIdentifier>
    </Filter>
    <Filter Include="Parameter\ParameterWriter\StructWriter">
      <UniqueIdentifier>{077bf1f6-345e-4e9b-abff-660a700726ef}</UniqueIdentifier>
    </Filter>
    <Filter Include="Object\Actor\Skybox">
      <UniqueIdentifier>{e7d14ec5-847c-41ca-9cda-cca0471fb8d2}</UniqueIdentifier>
    </Filter>
    <Filter Include="Effect">
      <UniqueIdentifier>{67959f32-2d08-47ee-b8b5-5d7bea8a56b1}</UniqueIdentifier>
    </Filter>
    <Filter Include="Effect\Task">
      <UniqueIdentifier>{fcd4562c-b2c3-43d5-8dcd-568a14415fda}</UniqueIdentifier>
    </Filter>
    <Filter Include="Material">
      <UniqueIdentifier>{4765c87c-372e-447f-9ec7-925a4dc2aa1c}</UniqueIdentifier>
    </Filter>
    <Filter Include="Script">
      <UniqueIdentifier>{ffe230da-fc82-4a25-8381-bccfbed5203b}</UniqueIdentifier>
    </Filter>
    <Filter Include="Math">
      <UniqueIdentifier>{3044f07b-1690-4454-9026-7e6509267ff0}</UniqueIdentifier>
    </Filter>
    <Filter Include="Animation">
      <UniqueIdentifier>{0fb7dc1f-adbd-4e20-bd51-2796afbca7d4}</UniqueIdentifier>
    </Filter>
    <Filter Include="Geom">
      <UniqueIdentifier>{02465ce0-2d9f-43b9-91cf-466c80d9e6d6}</UniqueIdentifier>
    </Filter>
    <Filter Include="IO">
      <UniqueIdentifier>{6cbfae9e-0769-4b9b-a87d-f14fba7dba4f}</UniqueIdentifier>
    </Filter>
    <Filter Include="Base">
      <UniqueIdentifier>{36ec37ae-318b-48f6-a48d-c4bb9e61e679}</UniqueIdentifier>
    </Filter>
    <Filter Include="IMGUI">
      <UniqueIdentifier>{eca90a71-8e67-4103-ba36-fcfc00c2fc18}</UniqueIdentifier>
    </Filter>
    <Filter Include="IO\ReadWriter">
      <UniqueIdentifier>{dd51e157-4345-4bfa-bf67-baf4f33db6e2}</UniqueIdentifier>
    </Filter>
  </ItemGroup>
  <ItemGroup>
    <ClInclude Include="Code\Engine\Application\Application.h">
      <Filter>Application</Filter>
    </ClInclude>
    <ClInclude Include="Code\Engine\Application\Console.h">
      <Filter>Application</Filter>
    </ClInclude>
    <ClInclude Include="Code\Engine\Application\IWindowProc.h">
      <Filter>Application</Filter>
    </ClInclude>
    <ClInclude Include="Code\Engine\Application\RenderWindow.h">
      <Filter>Application</Filter>
    </ClInclude>
    <ClInclude Include="Code\Engine\Application\SandRendererModule.h">
      <Filter>Application</Filter>
    </ClInclude>
    <ClInclude Include="Code\Engine\Application\Win32RenderWindow.h">
      <Filter>Application</Filter>
    </ClInclude>
    <ClInclude Include="Code\Engine\Animation\VAnimation.h">
      <Filter>Animation</Filter>
    </ClInclude>
    <ClInclude Include="Code\Engine\Animation\VAnimSequence.h">
      <Filter>Animation</Filter>
    </ClInclude>
    <ClInclude Include="Code\Engine\Animation\VJoint.h">
      <Filter>Animation</Filter>
    </ClInclude>
    <ClInclude Include="Code\Engine\Animation\VJointManager.h">
      <Filter>Animation</Filter>
    </ClInclude>
    <ClInclude Include="Code\Engine\Animation\VKeyFrame.h">
      <Filter>Animation</Filter>
    </ClInclude>
    <ClInclude Include="Code\Engine\Animation\VMaterial.h">
      <Filter>Animation</Filter>
    </ClInclude>
    <ClInclude Include="Code\Engine\Animation\VMesh.h">
      <Filter>Animation</Filter>
    </ClInclude>
    <ClInclude Include="Code\Engine\Animation\VPose.h">
      <Filter>Animation</Filter>
    </ClInclude>
    <ClInclude Include="Code\Engine\Animation\VScene.h">
      <Filter>Animation</Filter>
    </ClInclude>
    <ClInclude Include="Code\Engine\Animation\VSkeleton.h">
      <Filter>Animation</Filter>
    </ClInclude>
    <ClInclude Include="Code\Engine\Animation\VSkeletonManager.h">
      <Filter>Animation</Filter>
    </ClInclude>
    <ClInclude Include="Code\Engine\Animation\VSubMesh.h">
      <Filter>Animation</Filter>
    </ClInclude>
    <ClInclude Include="Code\Engine\Animation\VTriangle.h">
      <Filter>Animation</Filter>
    </ClInclude>
    <ClInclude Include="Code\Engine\Animation\VVertex.h">
      <Filter>Animation</Filter>
    </ClInclude>
    <ClInclude Include="Code\Engine\Base\AddOrNot.h">
      <Filter>Base</Filter>
    </ClInclude>
    <ClInclude Include="Code\Engine\Base\AlignOf.h">
      <Filter>Base</Filter>
    </ClInclude>
    <ClInclude Include="Code\Engine\Base\AllocationPolicies.h">
      <Filter>Base</Filter>
    </ClInclude>
    <ClInclude Include="Code\Engine\Base\AreTypesEqual.h">
      <Filter>Base</Filter>
    </ClInclude>
    <ClInclude Include="Code\Engine\Base\CString.h">
      <Filter>Base</Filter>
    </ClInclude>
    <ClInclude Include="Code\Engine\Base\GenericPlatformMemory.h">
      <Filter>Base</Filter>
    </ClInclude>
    <ClInclude Include="Code\Engine\Base\GenericPlatformStricmp.h">
      <Filter>Base</Filter>
    </ClInclude>
    <ClInclude Include="Code\Engine\Base\GenericPlatformString.h">
      <Filter>Base</Filter>
    </ClInclude>
    <ClInclude Include="Code\Engine\Base\Greater.h">
      <Filter>Base</Filter>
    </ClInclude>
    <ClInclude Include="Code\Engine\Base\IsClass.h">
      <Filter>Base</Filter>
    </ClInclude>
    <ClInclude Include="Code\Engine\Base\IsPODType.h">
      <Filter>Base</Filter>
    </ClInclude>
    <ClInclude Include="Code\Engine\Base\IsTriviallyCopyAssignable.h">
      <Filter>Base</Filter>
    </ClInclude>
    <ClInclude Include="Code\Engine\Base\IsTriviallyDestructible.h">
      <Filter>Base</Filter>
    </ClInclude>
    <ClInclude Include="Code\Engine\Base\Less.h">
      <Filter>Base</Filter>
    </ClInclude>
    <ClInclude Include="Code\Engine\Base\MemoryOps.h">
      <Filter>Base</Filter>
    </ClInclude>
    <ClInclude Include="Code\Engine\Base\Platform.h">
      <Filter>Base</Filter>
    </ClInclude>
    <ClInclude Include="Code\Engine\Base\RefCounter.h">
      <Filter>Base</Filter>
    </ClInclude>
    <ClInclude Include="Code\Engine\Base\RemoveReference.h">
      <Filter>Base</Filter>
    </ClInclude>
    <ClInclude Include="Code\Engine\Base\SMemory.h">
      <Filter>Base</Filter>
    </ClInclude>
    <ClInclude Include="Code\Engine\Base\SMicrosoftPlatformString.h">
      <Filter>Base</Filter>
    </ClInclude>
    <ClInclude Include="Code\Engine\Base\Sorting.h">
      <Filter>Base</Filter>
    </ClInclude>
    <ClInclude Include="Code\Engine\Base\SPlatformString.h">
      <Filter>Base</Filter>
    </ClInclude>
    <ClInclude Include="Code\Engine\Base\SString.h">
      <Filter>Base</Filter>
    </ClInclude>
    <ClInclude Include="Code\Engine\Base\STypeTraits.h">
      <Filter>Base</Filter>
    </ClInclude>
    <ClInclude Include="Code\Engine\Base\TArray.h">
      <Filter>Base</Filter>
    </ClInclude>
    <ClInclude Include="Code\Engine\Base\TChar.h">
      <Filter>Base</Filter>
    </ClInclude>
    <ClInclude Include="Code\Engine\Base\TChooseClass.h">
      <Filter>Base</Filter>
    </ClInclude>
    <ClInclude Include="Code\Engine\Base\TEnableIf.h">
      <Filter>Base</Filter>
    </ClInclude>
    <ClInclude Include="Code\Engine\Base\TestTemplate.h">
      <Filter>Base</Filter>
    </ClInclude>
    <ClInclude Include="Code\Engine\Base\TIntegralConstant.h">
      <Filter>Base</Filter>
    </ClInclude>
    <ClInclude Include="Code\Engine\Base\TIsArithmetic.h">
      <Filter>Base</Filter>
    </ClInclude>
    <ClInclude Include="Code\Engine\Base\TIsPointer.h">
      <Filter>Base</Filter>
    </ClInclude>
    <ClInclude Include="Code\Engine\Base\TypeCompatibleBytes.h">
      <Filter>Base</Filter>
    </ClInclude>
    <ClInclude Include="Code\Engine\Base\WindowsPlatform.h">
      <Filter>Base</Filter>
    </ClInclude>
    <ClInclude Include="Code\Engine\Base\WindowsPlatformMemory.h">
      <Filter>Base</Filter>
    </ClInclude>
    <ClInclude Include="Code\Engine\Effect\task\SceneRenderTask.h">
      <Filter>Effect\Task</Filter>
    </ClInclude>
    <ClInclude Include="Code\Engine\Effect\task\Task.h">
      <Filter>Effect\Task</Filter>
    </ClInclude>
    <ClInclude Include="Code\Engine\Effect\task\ViewPerspective.h">
      <Filter>Effect\Task</Filter>
    </ClInclude>
    <ClInclude Include="Code\Engine\Effect\task\ViewShadowMap.h">
      <Filter>Effect\Task</Filter>
    </ClInclude>
    <ClInclude Include="Code\Engine\Effect\Effect.h">
      <Filter>Effect</Filter>
    </ClInclude>
    <ClInclude Include="Code\Engine\Effect\EffectGenerator.h">
      <Filter>Effect</Filter>
    </ClInclude>
    <ClInclude Include="Code\Engine\Effect\Renderable.h">
      <Filter>Effect</Filter>
    </ClInclude>
    <ClInclude Include="Code\Engine\Effect\RenderEffect.h">
      <Filter>Effect</Filter>
    </ClInclude>
    <ClInclude Include="Code\Engine\Event\Notification\EventErrorMessage.h">
      <Filter>Event\Notification</Filter>
    </ClInclude>
    <ClInclude Include="Code\Engine\Event\Notification\EventInfoMessage.h">
      <Filter>Event\Notification</Filter>
    </ClInclude>
    <ClInclude Include="Code\Engine\Event\Render\EventFrameStart.h">
      <Filter>Event\Render</Filter>
    </ClInclude>
    <ClInclude Include="Code\Engine\Event\Windows Message\Keyboard\EventChar.h">
      <Filter>Event\Windows Message\Keyboard</Filter>
    </ClInclude>
    <ClInclude Include="Code\Engine\Event\Windows Message\Keyboard\EventKeyboardMessage.h">
      <Filter>Event\Windows Message\Keyboard</Filter>
    </ClInclude>
    <ClInclude Include="Code\Engine\Event\Windows Message\Keyboard\EventKeyDown.h">
      <Filter>Event\Windows Message\Keyboard</Filter>
    </ClInclude>
    <ClInclude Include="Code\Engine\Event\Windows Message\Keyboard\EventKeyUp.h">
      <Filter>Event\Windows Message\Keyboard</Filter>
    </ClInclude>
    <ClInclude Include="Code\Engine\Event\Windows Message\Mouse\EventMouseLButtonDown.h">
      <Filter>Event\Windows Message\Mouse</Filter>
    </ClInclude>
    <ClInclude Include="Code\Engine\Event\Windows Message\Mouse\EventMouseLButtonUp.h">
      <Filter>Event\Windows Message\Mouse</Filter>
    </ClInclude>
    <ClInclude Include="Code\Engine\Event\Windows Message\Mouse\EventMouseLeave.h">
      <Filter>Event\Windows Message\Mouse</Filter>
    </ClInclude>
    <ClInclude Include="Code\Engine\Event\Windows Message\Mouse\EventMouseMButtonDown.h">
      <Filter>Event\Windows Message\Mouse</Filter>
    </ClInclude>
    <ClInclude Include="Code\Engine\Event\Windows Message\Mouse\EventMouseMButtonUp.h">
      <Filter>Event\Windows Message\Mouse</Filter>
    </ClInclude>
    <ClInclude Include="Code\Engine\Event\Windows Message\Mouse\EventMouseMessage.h">
      <Filter>Event\Windows Message\Mouse</Filter>
    </ClInclude>
    <ClInclude Include="Code\Engine\Event\Windows Message\Mouse\EventMouseMove.h">
      <Filter>Event\Windows Message\Mouse</Filter>
    </ClInclude>
    <ClInclude Include="Code\Engine\Event\Windows Message\Mouse\EventMouseRButtonDown.h">
      <Filter>Event\Windows Message\Mouse</Filter>
    </ClInclude>
    <ClInclude Include="Code\Engine\Event\Windows Message\Mouse\EventMouseRButtonUp.h">
      <Filter>Event\Windows Message\Mouse</Filter>
    </ClInclude>
    <ClInclude Include="Code\Engine\Event\Windows Message\Mouse\EventMouseWheel.h">
      <Filter>Event\Windows Message\Mouse</Filter>
    </ClInclude>
    <ClInclude Include="Code\Engine\Event\Windows Message\Window\EventWindowResize.h">
      <Filter>Event\Windows Message\Window</Filter>
    </ClInclude>
    <ClInclude Include="Code\Engine\Event\Windows Message\EventWindowMessage.h">
      <Filter>Event\Windows Message</Filter>
    </ClInclude>
    <ClInclude Include="Code\Engine\Event\EventManager.h">
      <Filter>Event</Filter>
    </ClInclude>
    <ClInclude Include="Code\Engine\Event\IEvent.h">
      <Filter>Event</Filter>
    </ClInclude>
    <ClInclude Include="Code\Engine\Event\IEventListener.h">
      <Filter>Event</Filter>
    </ClInclude>
    <ClInclude Include="Code\Engine\Geom\ExportProcesser.h">
      <Filter>Geom</Filter>
    </ClInclude>
    <ClInclude Include="Code\Engine\Geom\FbxImporterProcesser.h">
      <Filter>Geom</Filter>
    </ClInclude>
    <ClInclude Include="Code\Engine\Geom\FbxInfoHeader.h">
      <Filter>Geom</Filter>
    </ClInclude>
    <ClInclude Include="Code\Engine\Geom\FbxLoader.h">
      <Filter>Geom</Filter>
    </ClInclude>
    <ClInclude Include="Code\Engine\Geom\FFbxDataConverter.h">
      <Filter>Geom</Filter>
    </ClInclude>
    <ClInclude Include="Code\Engine\Geom\FFbxImporter.h">
      <Filter>Geom</Filter>
    </ClInclude>
    <ClInclude Include="Code\Engine\Geom\FFbxMesh.h">
      <Filter>Geom</Filter>
    </ClInclude>
    <ClInclude Include="Code\Engine\Geom\FFbxShape.h">
      <Filter>Geom</Filter>
    </ClInclude>
    <ClInclude Include="Code\Engine\Geom\ImportProcesser.h">
      <Filter>Geom</Filter>
    </ClInclude>
    <ClInclude Include="Code\Engine\Geom\MS3D.h">
      <Filter>Geom</Filter>
    </ClInclude>
    <ClInclude Include="Code\Engine\Geom\OBJ.h">
      <Filter>Geom</Filter>
    </ClInclude>
    <ClInclude Include="Code\Engine\Gui\EditorManager.h">
      <Filter>IMGUI</Filter>
    </ClInclude>
    <ClInclude Include="Code\Engine\Gui\ImModule.h">
      <Filter>IMGUI</Filter>
    </ClInclude>
    <ClInclude Include="Code\Engine\Gui\SandGui.h">
      <Filter>IMGUI</Filter>
    </ClInclude>
    <ClInclude Include="Code\Engine\IO\FileInStream.h">
      <Filter>IO</Filter>
    </ClInclude>
    <ClInclude Include="Code\Engine\IO\FileOutStream.h">
      <Filter>IO</Filter>
    </ClInclude>
    <ClInclude Include="Code\Engine\IO\IVFileStream.h">
      <Filter>IO</Filter>
    </ClInclude>
    <ClInclude Include="Code\Engine\IO\ReadWriter\VModelReadWriter.h">
      <Filter>IO\ReadWriter</Filter>
    </ClInclude>
    <ClInclude Include="Code\Engine\Material\LuaSampler.h">
      <Filter>Material</Filter>
    </ClInclude>
    <ClInclude Include="Code\Engine\Material\Material.h">
      <Filter>Material</Filter>
    </ClInclude>
    <ClInclude Include="Code\Engine\Material\MaterialHelper.h">
      <Filter>Material</Filter>
    </ClInclude>
    <ClInclude Include="Code\Engine\Material\MaterialLua.h">
      <Filter>Material</Filter>
    </ClInclude>
    <ClInclude Include="Code\Engine\Math\Matrix3f.h">
      <Filter>Math</Filter>
    </ClInclude>
    <ClInclude Include="Code\Engine\Math\Matrix4f.h">
      <Filter>Math</Filter>
    </ClInclude>
    <ClInclude Include="Code\Engine\Math\SMath.h">
      <Filter>Math</Filter>
    </ClInclude>
    <ClInclude Include="Code\Engine\Math\Vector2f.h">
      <Filter>Math</Filter>
    </ClInclude>
    <ClInclude Include="Code\Engine\Math\Vector3f.h">
      <Filter>Math</Filter>
    </ClInclude>
    <ClInclude Include="Code\Engine\Math\Vector4f.h">
      <Filter>Math</Filter>
    </ClInclude>
    <ClInclude Include="Code\Engine\Object\Scene\Entity.h">
      <Filter>Object\Scene</Filter>
    </ClInclude>
    <ClInclude Include="Code\Engine\Object\Scene\Node.h">
      <Filter>Object\Scene</Filter>
    </ClInclude>
    <ClInclude Include="Code\Engine\Object\Scene\PickRecord.h">
      <Filter>Object\Scene</Filter>
    </ClInclude>
    <ClInclude Include="Code\Engine\Object\Scene\Scene.h">
      <Filter>Object\Scene</Filter>
    </ClInclude>
    <ClInclude Include="Code\Engine\Object\Scene\SceneGraph.h">
      <Filter>Object\Scene</Filter>
    </ClInclude>
    <ClInclude Include="Code\Engine\Object\Scene\Transform.h">
      <Filter>Object\Scene</Filter>
    </ClInclude>
    <ClInclude Include="Code\Engine\Object\Controller\IController.h">
      <Filter>Object\Controller</Filter>
    </ClInclude>
    <ClInclude Include="Code\Engine\Object\Controller\OrientationController.h">
      <Filter>Object\Controller</Filter>
    </ClInclude>
    <ClInclude Include="Code\Engine\Object\Controller\PositionExtractorController.h">
      <Filter>Object\Controller</Filter>
    </ClInclude>
    <ClInclude Include="Code\Engine\Object\Controller\RotationController.h">
      <Filter>Object\Controller</Filter>
    </ClInclude>
    <ClInclude Include="Code\Engine\Object\Controller\SpatialController.h">
      <Filter>Object\Controller</Filter>
    </ClInclude>
    <ClInclude Include="Code\Engine\Object\Actor\Actor.h">
      <Filter>Object\Actor</Filter>
    </ClInclude>
    <ClInclude Include="Code\Engine\Object\Actor\GeometryActor.h">
      <Filter>Object\Actor</Filter>
    </ClInclude>
    <ClInclude Include="Code\Engine\Object\Actor\Camera\BaseCamera.h">
      <Filter>Object\Actor\Camera</Filter>
    </ClInclude>
    <ClInclude Include="Code\Engine\Object\Actor\Camera\MainCamera.h">
      <Filter>Object\Actor\Camera</Filter>
    </ClInclude>
    <ClInclude Include="Code\Engine\Object\Actor\Light\DirectionalLight.h">
      <Filter>Object\Actor\Light</Filter>
    </ClInclude>
    <ClInclude Include="Code\Engine\Object\Actor\Light\Light.h">
      <Filter>Object\Actor\Light</Filter>
    </ClInclude>
    <ClInclude Include="Code\Engine\Object\Actor\Skybox\Skybox.h">
      <Filter>Object\Actor\Skybox</Filter>
    </ClInclude>
    <ClInclude Include="Code\Engine\Parameter\Parameters\BaseClass\BaseNumericTypeRenderParameter.h">
      <Filter>Parameter\Parameters\BaseClass</Filter>
    </ClInclude>
    <ClInclude Include="Code\Engine\Parameter\Parameters\BaseClass\RenderParameter.h">
      <Filter>Parameter\Parameters\BaseClass</Filter>
    </ClInclude>
    <ClInclude Include="Code\Engine\Parameter\Parameters\Numeric\Matrix\MatrixArrayParameter.h">
      <Filter>Parameter\Parameters\Numeric\Matrix</Filter>
    </ClInclude>
    <ClInclude Include="Code\Engine\Parameter\Parameters\Numeric\Matrix\MatrixParameter.h">
      <Filter>Parameter\Parameters\Numeric\Matrix</Filter>
    </ClInclude>
    <ClInclude Include="Code\Engine\Parameter\Parameters\Numeric\Scalar\BoolParameter.h">
      <Filter>Parameter\Parameters\Numeric\Scalar</Filter>
    </ClInclude>
    <ClInclude Include="Code\Engine\Parameter\Parameters\Numeric\Scalar\FloatParameter.h">
      <Filter>Parameter\Parameters\Numeric\Scalar</Filter>
    </ClInclude>
    <ClInclude Include="Code\Engine\Parameter\Parameters\Numeric\Vector\Vector2fParameter.h">
      <Filter>Parameter\Parameters\Numeric\Vector</Filter>
    </ClInclude>
    <ClInclude Include="Code\Engine\Parameter\Parameters\Numeric\Vector\Vector3fParameter.h">
      <Filter>Parameter\Parameters\Numeric\Vector</Filter>
    </ClInclude>
    <ClInclude Include="Code\Engine\Parameter\Parameters\Numeric\Vector\Vector4fParameter.h">
      <Filter>Parameter\Parameters\Numeric\Vector</Filter>
    </ClInclude>
    <ClInclude Include="Code\Engine\Parameter\Parameters\Object\ConstantBufferParameter.h">
      <Filter>Parameter\Parameters\Object</Filter>
    </ClInclude>
    <ClInclude Include="Code\Engine\Parameter\Parameters\Object\SamplerParameter.h">
      <Filter>Parameter\Parameters\Object</Filter>
    </ClInclude>
    <ClInclude Include="Code\Engine\Parameter\Parameters\Object\ShaderResourceParameter.h">
      <Filter>Parameter\Parameters\Object</Filter>
    </ClInclude>
    <ClInclude Include="Code\Engine\Parameter\Parameters\Object\UnorderedAccessParameter.h">
      <Filter>Parameter\Parameters\Object</Filter>
    </ClInclude>
    <ClInclude Include="Code\Engine\Parameter\Parameters\Struct\StructureParameter.h">
      <Filter>Parameter\Parameters\Struct</Filter>
    </ClInclude>
    <ClInclude Include="Code\Engine\Parameter\ParameterWriter\MatrixWriter\MatrixArrayParameterWriter.h">
      <Filter>Parameter\ParameterWriter\MatrixWriter</Filter>
    </ClInclude>
    <ClInclude Include="Code\Engine\Parameter\ParameterWriter\MatrixWriter\MatrixParameterWriter.h">
      <Filter>Parameter\ParameterWriter\MatrixWriter</Filter>
    </ClInclude>
    <ClInclude Include="Code\Engine\Parameter\ParameterWriter\ObjectWriter\ConstantBufferParameterWriter.h">
      <Filter>Parameter\ParameterWriter\ObjectWriter</Filter>
    </ClInclude>
    <ClInclude Include="Code\Engine\Parameter\ParameterWriter\ObjectWriter\SamplerParameterWriter.h">
      <Filter>Parameter\ParameterWriter\ObjectWriter</Filter>
    </ClInclude>
    <ClInclude Include="Code\Engine\Parameter\ParameterWriter\ObjectWriter\ShaderResourceParameterWriter.h">
      <Filter>Parameter\ParameterWriter\ObjectWriter</Filter>
    </ClInclude>
    <ClInclude Include="Code\Engine\Parameter\ParameterWriter\ObjectWriter\UnorderedAccessParameterWriter.h">
      <Filter>Parameter\ParameterWriter\ObjectWriter</Filter>
    </ClInclude>
    <ClInclude Include="Code\Engine\Parameter\ParameterWriter\ScalarWriter\BoolParameterWriter.h">
      <Filter>Parameter\ParameterWriter\ScalarWriter</Filter>
    </ClInclude>
    <ClInclude Include="Code\Engine\Parameter\ParameterWriter\ScalarWriter\FloatParameterWriter.h">
      <Filter>Parameter\ParameterWriter\ScalarWriter</Filter>
    </ClInclude>
    <ClInclude Include="Code\Engine\Parameter\ParameterWriter\StructWriter\StructureParameterWriter.h">
      <Filter>Parameter\ParameterWriter\StructWriter</Filter>
    </ClInclude>
    <ClInclude Include="Code\Engine\Parameter\ParameterWriter\VectorWriter\Vector2fParameterWriter.h">
      <Filter>Parameter\ParameterWriter\VectorWriter</Filter>
    </ClInclude>
    <ClInclude Include="Code\Engine\Parameter\ParameterWriter\VectorWriter\Vector3fParameterWriter.h">
      <Filter>Parameter\ParameterWriter\VectorWriter</Filter>
    </ClInclude>
    <ClInclude Include="Code\Engine\Parameter\ParameterWriter\VectorWriter\Vector4fParameterWriter.h">
      <Filter>Parameter\ParameterWriter\VectorWriter</Filter>
    </ClInclude>
    <ClInclude Include="Code\Engine\Parameter\ParameterWriter\ParameterWriter.h">
      <Filter>Parameter\ParameterWriter</Filter>
    </ClInclude>
    <ClInclude Include="Code\Engine\Parameter\IParameterManager.h">
      <Filter>Parameter</Filter>
    </ClInclude>
    <ClInclude Include="Code\Engine\Parameter\ParameterContainer.h">
      <Filter>Parameter</Filter>
    </ClInclude>
    <ClInclude Include="Code\Engine\Parameter\ParameterManager.h">
      <Filter>Parameter</Filter>
    </ClInclude>
    <ClInclude Include="Code\Engine\Pipeline\PipelineStage\Common\TStateArrayMonitor.h">
      <Filter>Pipeline\PipelineStage\Common</Filter>
    </ClInclude>
    <ClInclude Include="Code\Engine\Pipeline\PipelineStage\Common\TStateMonitor.h">
      <Filter>Pipeline\PipelineStage\Common</Filter>
    </ClInclude>
    <ClInclude Include="Code\Engine\Pipeline\PipelineStage\FixedStages\InputAssemblerStage\InputAssemblerStage.h">
      <Filter>Pipeline\PipelineStage\FixedStages\InputAssemblerStage</Filter>
    </ClInclude>
    <ClInclude Include="Code\Engine\Pipeline\PipelineStage\FixedStages\InputAssemblerStage\InputAssemblerState.h">
      <Filter>Pipeline\PipelineStage\FixedStages\InputAssemblerStage</Filter>
    </ClInclude>
    <ClInclude Include="Code\Engine\Pipeline\PipelineStage\FixedStages\OutputMergeStage\OutputMergeStage.h">
      <Filter>Pipeline\PipelineStage\FixedStages\OutputMergeStage</Filter>
    </ClInclude>
    <ClInclude Include="Code\Engine\Pipeline\PipelineStage\FixedStages\OutputMergeStage\OutputMergeStageState.h">
      <Filter>Pipeline\PipelineStage\FixedStages\OutputMergeStage</Filter>
    </ClInclude>
    <ClInclude Include="Code\Engine\Pipeline\PipelineStage\FixedStages\RasterizerStage\RasterizerStage.h">
      <Filter>Pipeline\PipelineStage\FixedStages\RasterizerStage</Filter>
    </ClInclude>
    <ClInclude Include="Code\Engine\Pipeline\PipelineStage\FixedStages\RasterizerStage\RasterizerStageState.h">
      <Filter>Pipeline\PipelineStage\FixedStages\RasterizerStage</Filter>
    </ClInclude>
    <ClInclude Include="Code\Engine\Pipeline\PipelineStage\ProgrammableStage\ShaderProgram\ComputeShader.h">
      <Filter>Pipeline\PipelineStage\ProgrammableStage\ShaderProgram</Filter>
    </ClInclude>
    <ClInclude Include="Code\Engine\Pipeline\PipelineStage\ProgrammableStage\ShaderProgram\DomainShader.h">
      <Filter>Pipeline\PipelineStage\ProgrammableStage\ShaderProgram</Filter>
    </ClInclude>
    <ClInclude Include="Code\Engine\Pipeline\PipelineStage\ProgrammableStage\ShaderProgram\GeometryShader.h">
      <Filter>Pipeline\PipelineStage\ProgrammableStage\ShaderProgram</Filter>
    </ClInclude>
    <ClInclude Include="Code\Engine\Pipeline\PipelineStage\ProgrammableStage\ShaderProgram\HullShader.h">
      <Filter>Pipeline\PipelineStage\ProgrammableStage\ShaderProgram</Filter>
    </ClInclude>
    <ClInclude Include="Code\Engine\Pipeline\PipelineStage\ProgrammableStage\ShaderProgram\PixelShader.h">
      <Filter>Pipeline\PipelineStage\ProgrammableStage\ShaderProgram</Filter>
    </ClInclude>
    <ClInclude Include="Code\Engine\Pipeline\PipelineStage\ProgrammableStage\ShaderProgram\Shader.h">
      <Filter>Pipeline\PipelineStage\ProgrammableStage\ShaderProgram</Filter>
    </ClInclude>
    <ClInclude Include="Code\Engine\Pipeline\PipelineStage\ProgrammableStage\ShaderProgram\VertexShader.h">
      <Filter>Pipeline\PipelineStage\ProgrammableStage\ShaderProgram</Filter>
    </ClInclude>
    <ClInclude Include="Code\Engine\Pipeline\PipelineStage\ProgrammableStage\ShaderProgram\Reflection\ShaderReflection.h">
      <Filter>Pipeline\PipelineStage\ProgrammableStage\ShaderProgram\Reflection</Filter>
    </ClInclude>
    <ClInclude Include="Code\Engine\Pipeline\PipelineStage\ProgrammableStage\ShaderProgram\Reflection\ShaderReflectionGenerator.h">
      <Filter>Pipeline\PipelineStage\ProgrammableStage\ShaderProgram\Reflection</Filter>
    </ClInclude>
    <ClInclude Include="Code\Engine\Pipeline\PipelineStage\ProgrammableStage\ShaderProgram\Reflection\ShaderStructure.h">
      <Filter>Pipeline\PipelineStage\ProgrammableStage\ShaderProgram\Reflection</Filter>
    </ClInclude>
    <ClInclude Include="Code\Engine\Pipeline\PipelineStage\ProgrammableStage\Stages\ShaderStage\ComputeStage.h">
      <Filter>Pipeline\PipelineStage\ProgrammableStage\Stages\ShaderStage</Filter>
    </ClInclude>
    <ClInclude Include="Code\Engine\Pipeline\PipelineStage\ProgrammableStage\Stages\ShaderStage\DomainStage.h">
      <Filter>Pipeline\PipelineStage\ProgrammableStage\Stages\ShaderStage</Filter>
    </ClInclude>
    <ClInclude Include="Code\Engine\Pipeline\PipelineStage\ProgrammableStage\Stages\ShaderStage\GeometryStage.h">
      <Filter>Pipeline\PipelineStage\ProgrammableStage\Stages\ShaderStage</Filter>
    </ClInclude>
    <ClInclude Include="Code\Engine\Pipeline\PipelineStage\ProgrammableStage\Stages\ShaderStage\HullStage.h">
      <Filter>Pipeline\PipelineStage\ProgrammableStage\Stages\ShaderStage</Filter>
    </ClInclude>
    <ClInclude Include="Code\Engine\Pipeline\PipelineStage\ProgrammableStage\Stages\ShaderStage\PixelStage.h">
      <Filter>Pipeline\PipelineStage\ProgrammableStage\Stages\ShaderStage</Filter>
    </ClInclude>
    <ClInclude Include="Code\Engine\Pipeline\PipelineStage\ProgrammableStage\Stages\ShaderStage\ShaderStage.h">
      <Filter>Pipeline\PipelineStage\ProgrammableStage\Stages\ShaderStage</Filter>
    </ClInclude>
    <ClInclude Include="Code\Engine\Pipeline\PipelineStage\ProgrammableStage\Stages\ShaderStage\VertexStage.h">
      <Filter>Pipeline\PipelineStage\ProgrammableStage\Stages\ShaderStage</Filter>
    </ClInclude>
    <ClInclude Include="Code\Engine\Pipeline\PipelineStage\ProgrammableStage\Stages\State\ShaderStageState.h">
      <Filter>Pipeline\PipelineStage\ProgrammableStage\Stages\State</Filter>
    </ClInclude>
    <ClInclude Include="Code\Engine\Pipeline\PipelineStage\ProgrammableStage\ShaderFactory.h">
      <Filter>Pipeline\PipelineStage\ProgrammableStage</Filter>
    </ClInclude>
    <ClInclude Include="Code\Engine\Pipeline\PipelineStage\StageExecutor\Basic\VertexElement.h">
      <Filter>Pipeline\StageExecutor\Basic</Filter>
    </ClInclude>
    <ClInclude Include="Code\Engine\Pipeline\PipelineStage\StageExecutor\InputAssember\Geometry.h">
      <Filter>Pipeline\StageExecutor\InputAssembler</Filter>
    </ClInclude>
    <ClInclude Include="Code\Engine\Pipeline\PipelineStage\StageExecutor\InputAssember\GeometryGenerator.h">
      <Filter>Pipeline\StageExecutor\InputAssembler</Filter>
    </ClInclude>
    <ClInclude Include="Code\Engine\Pipeline\PipelineStage\StageExecutor\InputAssember\GeometryLoader.h">
      <Filter>Pipeline\StageExecutor\InputAssembler</Filter>
    </ClInclude>
    <ClInclude Include="Code\Engine\Pipeline\PipelineStage\StageExecutor\InputAssember\InputAssemblerLayer.h">
      <Filter>Pipeline\StageExecutor\InputAssembler</Filter>
    </ClInclude>
    <ClInclude Include="Code\Engine\Pipeline\PipelineStage\StageExecutor\InputAssember\InputAssemblerStageExecutor.h">
      <Filter>Pipeline\StageExecutor\InputAssembler</Filter>
    </ClInclude>
    <ClInclude Include="Code\Engine\Pipeline\PipelineManager.h">
      <Filter>Pipeline</Filter>
    </ClInclude>
    <ClInclude Include="Code\Engine\Render\DXGI\DXGIAdapter.h">
      <Filter>Render</Filter>
    </ClInclude>
    <ClInclude Include="Code\Engine\Render\DXGI\DXGIOutput.h">
      <Filter>Render</Filter>
    </ClInclude>
    <ClInclude Include="Code\Engine\Render\DXGI\Renderer.h">
      <Filter>Render</Filter>
    </ClInclude>
    <ClInclude Include="Code\Engine\Render\DXGI\SwapChain.h">
      <Filter>Render</Filter>
    </ClInclude>
    <ClInclude Include="Code\Engine\Render\DXGI\SwapChainConfig.h">
      <Filter>Render</Filter>
    </ClInclude>
    <ClInclude Include="Code\Engine\Utility\FileLoader.h">
      <Filter>Utility</Filter>
    </ClInclude>
    <ClInclude Include="Code\Engine\Utility\FileSystem.h">
      <Filter>Utility</Filter>
    </ClInclude>
    <ClInclude Include="Code\Engine\Utility\Log.h">
      <Filter>Utility</Filter>
    </ClInclude>
    <ClInclude Include="Code\Engine\Utility\StringUtil.h">
      <Filter>Utility</Filter>
    </ClInclude>
    <ClInclude Include="Code\Engine\Utility\Timer.h">
      <Filter>Utility</Filter>
    </ClInclude>
    <ClInclude Include="Code\Engine\Script\IScriptInterface.h">
      <Filter>Script</Filter>
    </ClInclude>
    <ClInclude Include="Code\Engine\Script\LuaActor.h">
      <Filter>Script</Filter>
    </ClInclude>
    <ClInclude Include="Code\Engine\Script\LuaApp.h">
      <Filter>Script</Filter>
    </ClInclude>
    <ClInclude Include="Code\Engine\Script\LuaEffect.h">
      <Filter>Script</Filter>
    </ClInclude>
    <ClInclude Include="Code\Engine\Script\LuaEntity.h">
      <Filter>Script</Filter>
    </ClInclude>
    <ClInclude Include="Code\Engine\Script\LuaGeometry.h">
      <Filter>Script</Filter>
    </ClInclude>
    <ClInclude Include="Code\Engine\Script\LuaMaterial.h">
      <Filter>Script</Filter>
    </ClInclude>
    <ClInclude Include="Code\Engine\Script\LuaScene.h">
      <Filter>Script</Filter>
    </ClInclude>
    <ClInclude Include="Code\Engine\Script\ScriptManager.h">
      <Filter>Script</Filter>
    </ClInclude>
    <ClInclude Include="Code\Engine\Resource\Resource.h">
      <Filter>Resource</Filter>
    </ClInclude>
    <ClInclude Include="Code\Engine\Resource\ResourceProxy.h">
      <Filter>Resource</Filter>
    </ClInclude>
    <ClInclude Include="Code\Engine\Resource\Buffer\Buffer.h">
      <Filter>Resource\Buffer</Filter>
    </ClInclude>
    <ClInclude Include="Code\Engine\Resource\Buffer\BufferConfig.h">
      <Filter>Resource\Buffer</Filter>
    </ClInclude>
    <ClInclude Include="Code\Engine\Resource\Buffer\ConstantBuffer.h">
      <Filter>Resource\Buffer</Filter>
    </ClInclude>
    <ClInclude Include="Code\Engine\Resource\Buffer\IndexBuffer.h">
      <Filter>Resource\Buffer</Filter>
    </ClInclude>
    <ClInclude Include="Code\Engine\Resource\Buffer\StructuredBuffer.h">
      <Filter>Resource\Buffer</Filter>
    </ClInclude>
    <ClInclude Include="Code\Engine\Resource\Buffer\TGrowableBuffer.h">
      <Filter>Resource\Buffer</Filter>
    </ClInclude>
    <ClInclude Include="Code\Engine\Resource\Buffer\VertexBuffer.h">
      <Filter>Resource\Buffer</Filter>
    </ClInclude>
    <ClInclude Include="Code\Engine\Resource\ResourceView\DepthStencilView.h">
      <Filter>Resource\ResourceView</Filter>
    </ClInclude>
    <ClInclude Include="Code\Engine\Resource\ResourceView\DepthStencilViewConfig.h">
      <Filter>Resource\ResourceView</Filter>
    </ClInclude>
    <ClInclude Include="Code\Engine\Resource\ResourceView\RenderTargetView.h">
      <Filter>Resource\ResourceView</Filter>
    </ClInclude>
    <ClInclude Include="Code\Engine\Resource\ResourceView\RenderTargetViewConfig.h">
      <Filter>Resource\ResourceView</Filter>
    </ClInclude>
    <ClInclude Include="Code\Engine\Resource\ResourceView\ShaderResoruceView.h">
      <Filter>Resource\ResourceView</Filter>
    </ClInclude>
    <ClInclude Include="Code\Engine\Resource\ResourceView\ShaderResourceViewConfig.h">
      <Filter>Resource\ResourceView</Filter>
    </ClInclude>
    <ClInclude Include="Code\Engine\Resource\ResourceView\UnorderedAccessView.h">
      <Filter>Resource\ResourceView</Filter>
    </ClInclude>
    <ClInclude Include="Code\Engine\Resource\ResourceView\UnorderedAccessViewConfig.h">
      <Filter>Resource\ResourceView</Filter>
    </ClInclude>
    <ClInclude Include="Code\Engine\Resource\State\BlendStateConfig.h">
      <Filter>Resource\State</Filter>
    </ClInclude>
    <ClInclude Include="Code\Engine\Resource\State\DepthStencilStateConfig.h">
      <Filter>Resource\State</Filter>
    </ClInclude>
    <ClInclude Include="Code\Engine\Resource\State\RasterizerStateConfig.h">
      <Filter>Resource\State</Filter>
    </ClInclude>
    <ClInclude Include="Code\Engine\Resource\State\SamplerStateConfig.h">
      <Filter>Resource\State</Filter>
    </ClInclude>
    <ClInclude Include="Code\Engine\Resource\State\ViewPort.h">
      <Filter>Resource\State</Filter>
    </ClInclude>
    <ClInclude Include="Code\Engine\Resource\Texture\Texture2D.h">
      <Filter>Resource\Texture</Filter>
    </ClInclude>
    <ClInclude Include="Code\Engine\Resource\Texture\Texture2DConfig.h">
      <Filter>Resource\Texture</Filter>
    </ClInclude>
    <ClInclude Include="Code\Engine\PCH.h" />
    <ClInclude Include="ThirdParty\ImGui\inc\imconfig.h">
      <Filter>IMGUI</Filter>
    </ClInclude>
    <ClInclude Include="ThirdParty\ImGui\inc\imgui.h">
      <Filter>IMGUI</Filter>
    </ClInclude>
    <ClInclude Include="ThirdParty\ImGui\inc\imgui_internal.h">
      <Filter>IMGUI</Filter>
    </ClInclude>
    <ClInclude Include="ThirdParty\ImGui\inc\stb_rect_pack.h">
      <Filter>IMGUI</Filter>
    </ClInclude>
    <ClInclude Include="ThirdParty\ImGui\inc\stb_textedit.h">
      <Filter>IMGUI</Filter>
    </ClInclude>
    <ClInclude Include="ThirdParty\ImGui\inc\stb_truetype.h">
      <Filter>IMGUI</Filter>
    </ClInclude>
  </ItemGroup>
  <ItemGroup>
    <ClCompile Include="Code\Engine\Application\Application.cpp">
      <Filter>Application</Filter>
    </ClCompile>
    <ClCompile Include="Code\Engine\Application\main.cpp">
      <Filter>Application</Filter>
    </ClCompile>
    <ClCompile Include="Code\Engine\Application\RenderWindow.cpp">
      <Filter>Application</Filter>
    </ClCompile>
    <ClCompile Include="Code\Engine\Application\Win32RenderWindow.cpp">
      <Filter>Application</Filter>
    </ClCompile>
    <ClCompile Include="Code\Engine\Animation\VAnimSequence.cpp">
      <Filter>Animation</Filter>
    </ClCompile>
    <ClCompile Include="Code\Engine\Animation\VJoint.cpp">
      <Filter>Animation</Filter>
    </ClCompile>
    <ClCompile Include="Code\Engine\Animation\VJointManager.cpp">
      <Filter>Animation</Filter>
    </ClCompile>
    <ClCompile Include="Code\Engine\Animation\VKeyFrame.cpp">
      <Filter>Animation</Filter>
    </ClCompile>
    <ClCompile Include="Code\Engine\Animation\VMaterial.cpp">
      <Filter>Animation</Filter>
    </ClCompile>
    <ClCompile Include="Code\Engine\Animation\VMesh.cpp">
      <Filter>Animation</Filter>
    </ClCompile>
    <ClCompile Include="Code\Engine\Animation\VPose.cpp">
      <Filter>Animation</Filter>
    </ClCompile>
    <ClCompile Include="Code\Engine\Animation\VScene.cpp">
      <Filter>Animation</Filter>
    </ClCompile>
    <ClCompile Include="Code\Engine\Animation\VSkeleton.cpp">
      <Filter>Animation</Filter>
    </ClCompile>
    <ClCompile Include="Code\Engine\Animation\VSkeletonManager.cpp">
      <Filter>Animation</Filter>
    </ClCompile>
    <ClCompile Include="Code\Engine\Animation\VSubMesh.cpp">
      <Filter>Animation</Filter>
    </ClCompile>
    <ClCompile Include="Code\Engine\Animation\VTriangle.cpp">
      <Filter>Animation</Filter>
    </ClCompile>
    <ClCompile Include="Code\Engine\Animation\VVertex.cpp">
      <Filter>Animation</Filter>
    </ClCompile>
    <ClCompile Include="Code\Engine\Base\GenericPlatformString.cpp">
      <Filter>Base</Filter>
    </ClCompile>
    <ClCompile Include="Code\Engine\Base\SString.cpp">
      <Filter>Base</Filter>
    </ClCompile>
    <ClCompile Include="Code\Engine\Effect\task\SceneRenderTask.cpp">
      <Filter>Effect\Task</Filter>
    </ClCompile>
    <ClCompile Include="Code\Engine\Effect\task\Task.cpp">
      <Filter>Effect\Task</Filter>
    </ClCompile>
    <ClCompile Include="Code\Engine\Effect\task\ViewPerspective.cpp">
      <Filter>Effect\Task</Filter>
    </ClCompile>
    <ClCompile Include="Code\Engine\Effect\task\ViewShadowMap.cpp">
      <Filter>Effect\Task</Filter>
    </ClCompile>
    <ClCompile Include="Code\Engine\Effect\Effect.cpp">
      <Filter>Effect</Filter>
    </ClCompile>
    <ClCompile Include="Code\Engine\Effect\EffectGenerator.cpp">
      <Filter>Effect</Filter>
    </ClCompile>
    <ClCompile Include="Code\Engine\Effect\Renderable.cpp">
      <Filter>Effect</Filter>
    </ClCompile>
    <ClCompile Include="Code\Engine\Effect\RenderEffect.cpp">
      <Filter>Effect</Filter>
    </ClCompile>
    <ClCompile Include="Code\Engine\Event\Notification\EventErrorMessage.cpp">
      <Filter>Event\Notification</Filter>
    </ClCompile>
    <ClCompile Include="Code\Engine\Event\Notification\EventInfoMessage.cpp">
      <Filter>Event\Notification</Filter>
    </ClCompile>
    <ClCompile Include="Code\Engine\Event\Render\EventFrameStart.cpp">
      <Filter>Event\Render</Filter>
    </ClCompile>
    <ClCompile Include="Code\Engine\Event\Windows Message\Keyboard\EventChar.cpp">
      <Filter>Event\Windows Message\Keyboard</Filter>
    </ClCompile>
    <ClCompile Include="Code\Engine\Event\Windows Message\Keyboard\EventKeyboardMessage.cpp">
      <Filter>Event\Windows Message\Keyboard</Filter>
    </ClCompile>
    <ClCompile Include="Code\Engine\Event\Windows Message\Keyboard\EventKeyDown.cpp">
      <Filter>Event\Windows Message\Keyboard</Filter>
    </ClCompile>
    <ClCompile Include="Code\Engine\Event\Windows Message\Keyboard\EventKeyUp.cpp">
      <Filter>Event\Windows Message\Keyboard</Filter>
    </ClCompile>
    <ClCompile Include="Code\Engine\Event\Windows Message\Mouse\EventMouseLButtonDown.cpp">
      <Filter>Event\Windows Message\Mouse</Filter>
    </ClCompile>
    <ClCompile Include="Code\Engine\Event\Windows Message\Mouse\EventMouseLButtonUp.cpp">
      <Filter>Event\Windows Message\Mouse</Filter>
    </ClCompile>
    <ClCompile Include="Code\Engine\Event\Windows Message\Mouse\EventMouseLeave.cpp">
      <Filter>Event\Windows Message\Mouse</Filter>
    </ClCompile>
    <ClCompile Include="Code\Engine\Event\Windows Message\Mouse\EventMouseMButtonDown.cpp">
      <Filter>Event\Windows Message\Mouse</Filter>
    </ClCompile>
    <ClCompile Include="Code\Engine\Event\Windows Message\Mouse\EventMouseMButtonUp.cpp">
      <Filter>Event\Windows Message\Mouse</Filter>
    </ClCompile>
    <ClCompile Include="Code\Engine\Event\Windows Message\Mouse\EventMouseMessage.cpp">
      <Filter>Event\Windows Message\Mouse</Filter>
    </ClCompile>
    <ClCompile Include="Code\Engine\Event\Windows Message\Mouse\EventMouseMove.cpp">
      <Filter>Event\Windows Message\Mouse</Filter>
    </ClCompile>
    <ClCompile Include="Code\Engine\Event\Windows Message\Mouse\EventMouseRButtonDown.cpp">
      <Filter>Event\Windows Message\Mouse</Filter>
    </ClCompile>
    <ClCompile Include="Code\Engine\Event\Windows Message\Mouse\EventMouseRButtonUp.cpp">
      <Filter>Event\Windows Message\Mouse</Filter>
    </ClCompile>
    <ClCompile Include="Code\Engine\Event\Windows Message\Mouse\EventMouseWheel.cpp">
      <Filter>Event\Windows Message\Mouse</Filter>
    </ClCompile>
    <ClCompile Include="Code\Engine\Event\Windows Message\Window\EventWindowResize.cpp">
      <Filter>Event\Windows Message\Window</Filter>
    </ClCompile>
    <ClCompile Include="Code\Engine\Event\Windows Message\EventWindowMessage.cpp">
      <Filter>Event\Windows Message</Filter>
    </ClCompile>
    <ClCompile Include="Code\Engine\Event\EventManager.cpp">
      <Filter>Event</Filter>
    </ClCompile>
    <ClCompile Include="Code\Engine\Event\IEventListener.cpp">
      <Filter>Event</Filter>
    </ClCompile>
    <ClCompile Include="Code\Engine\Geom\ExportProcesser.cpp">
      <Filter>Geom</Filter>
    </ClCompile>
    <ClCompile Include="Code\Engine\Geom\FbxImporterProcesser.cpp">
      <Filter>Geom</Filter>
    </ClCompile>
    <ClCompile Include="Code\Engine\Geom\FbxLoadercpp.cpp">
      <Filter>Geom</Filter>
    </ClCompile>
    <ClCompile Include="Code\Engine\Geom\FFbxDataConverter.cpp">
      <Filter>Geom</Filter>
    </ClCompile>
    <ClCompile Include="Code\Engine\Geom\FFbxImporter.cpp">
      <Filter>Geom</Filter>
    </ClCompile>
    <ClCompile Include="Code\Engine\Geom\FFbxMesh.cpp">
      <Filter>Geom</Filter>
    </ClCompile>
    <ClCompile Include="Code\Engine\Geom\FFbxShape.cpp">
      <Filter>Geom</Filter>
    </ClCompile>
    <ClCompile Include="Code\Engine\Geom\ImportProcesser.cpp">
      <Filter>Geom</Filter>
    </ClCompile>
    <ClCompile Include="Code\Engine\Gui\EditorManager.cpp">
      <Filter>IMGUI</Filter>
    </ClCompile>
    <ClCompile Include="Code\Engine\Gui\ImModule.cpp">
      <Filter>IMGUI</Filter>
    </ClCompile>
    <ClCompile Include="Code\Engine\Gui\SandGui.cpp">
      <Filter>IMGUI</Filter>
    </ClCompile>
    <ClCompile Include="Code\Engine\IO\FileInStream.cpp">
      <Filter>IO</Filter>
    </ClCompile>
    <ClCompile Include="Code\Engine\IO\FileOutStream.cpp">
      <Filter>IO</Filter>
    </ClCompile>
    <ClCompile Include="Code\Engine\IO\ReadWriter\VModelReadWriter.cpp">
      <Filter>IO\ReadWriter</Filter>
    </ClCompile>
    <ClCompile Include="Code\Engine\Material\LuaSampler.cpp">
      <Filter>Material</Filter>
    </ClCompile>
    <ClCompile Include="Code\Engine\Material\Material.cpp">
      <Filter>Material</Filter>
    </ClCompile>
    <ClCompile Include="Code\Engine\Material\MaterialHelper.cpp">
      <Filter>Material</Filter>
    </ClCompile>
    <ClCompile Include="Code\Engine\Material\MaterialLua.cpp">
      <Filter>Material</Filter>
    </ClCompile>
    <ClCompile Include="Code\Engine\Math\Matrix3f.cpp">
      <Filter>Math</Filter>
    </ClCompile>
    <ClCompile Include="Code\Engine\Math\Matrix4f.cpp">
      <Filter>Math</Filter>
    </ClCompile>
    <ClCompile Include="Code\Engine\Math\SMath.cpp">
      <Filter>Math</Filter>
    </ClCompile>
    <ClCompile Include="Code\Engine\Math\Vector2f.cpp">
      <Filter>Math</Filter>
    </ClCompile>
    <ClCompile Include="Code\Engine\Math\Vector3f.cpp">
      <Filter>Math</Filter>
    </ClCompile>
    <ClCompile Include="Code\Engine\Math\Vector4f.cpp">
      <Filter>Math</Filter>
    </ClCompile>
    <ClCompile Include="Code\Engine\Object\Scene\Entity.cpp">
      <Filter>Object\Scene</Filter>
    </ClCompile>
    <ClCompile Include="Code\Engine\Object\Scene\Node.cpp">
      <Filter>Object\Scene</Filter>
    </ClCompile>
    <ClCompile Include="Code\Engine\Object\Scene\PickRecord.cpp">
      <Filter>Object\Scene</Filter>
    </ClCompile>
    <ClCompile Include="Code\Engine\Object\Scene\Scene.cpp">
      <Filter>Object\Scene</Filter>
    </ClCompile>
    <ClCompile Include="Code\Engine\Object\Scene\SceneGraph.cpp">
      <Filter>Object\Scene</Filter>
    </ClCompile>
    <ClCompile Include="Code\Engine\Object\Scene\Transform.cpp">
      <Filter>Object\Scene</Filter>
    </ClCompile>
    <ClCompile Include="Code\Engine\Object\Actor\Actor.cpp">
      <Filter>Object\Actor</Filter>
    </ClCompile>
    <ClCompile Include="Code\Engine\Object\Actor\Camera\BaseCamera.cpp">
      <Filter>Object\Actor\Camera</Filter>
    </ClCompile>
    <ClCompile Include="Code\Engine\Object\Actor\Camera\MainCamera.cpp">
      <Filter>Object\Actor\Camera</Filter>
    </ClCompile>
    <ClCompile Include="Code\Engine\Object\Actor\Light\DirectionalLight.cpp">
      <Filter>Object\Actor\Light</Filter>
    </ClCompile>
    <ClCompile Include="Code\Engine\Object\Actor\Light\Light.cpp">
      <Filter>Object\Actor\Light</Filter>
    </ClCompile>
    <ClCompile Include="Code\Engine\Object\Actor\Skybox\Skybox.cpp">
      <Filter>Object\Actor\Skybox</Filter>
    </ClCompile>
    <ClCompile Include="Code\Engine\Parameter\Parameters\BaseClass\BaseNumericTypeRenderParameter.cpp">
      <Filter>Parameter\Parameters\BaseClass</Filter>
    </ClCompile>
    <ClCompile Include="Code\Engine\Parameter\Parameters\BaseClass\RenderParameter.cpp">
      <Filter>Parameter\Parameters\BaseClass</Filter>
    </ClCompile>
    <ClCompile Include="Code\Engine\Parameter\Parameters\Numeric\Matrix\MatrixArrayParameter.cpp">
      <Filter>Parameter\Parameters\Numeric\Matrix</Filter>
    </ClCompile>
    <ClCompile Include="Code\Engine\Parameter\Parameters\Numeric\Matrix\MatrixParameter.cpp">
      <Filter>Parameter\Parameters\Numeric\Matrix</Filter>
    </ClCompile>
    <ClCompile Include="Code\Engine\Parameter\Parameters\Numeric\Scalar\BoolParameter.cpp">
      <Filter>Parameter\Parameters\Numeric\Scalar</Filter>
    </ClCompile>
    <ClCompile Include="Code\Engine\Parameter\Parameters\Numeric\Scalar\FloatParameter.cpp">
      <Filter>Parameter\Parameters\Numeric\Scalar</Filter>
    </ClCompile>
    <ClCompile Include="Code\Engine\Parameter\Parameters\Numeric\Vector\Vector2fParameter.cpp">
      <Filter>Parameter\Parameters\Numeric\Vector</Filter>
    </ClCompile>
    <ClCompile Include="Code\Engine\Parameter\Parameters\Numeric\Vector\Vector3fParameter.cpp">
      <Filter>Parameter\Parameters\Numeric\Vector</Filter>
    </ClCompile>
    <ClCompile Include="Code\Engine\Parameter\Parameters\Numeric\Vector\Vector4fParameter.cpp">
      <Filter>Parameter\Parameters\Numeric\Vector</Filter>
    </ClCompile>
    <ClCompile Include="Code\Engine\Parameter\Parameters\Object\ConstantBufferParameter.cpp">
      <Filter>Parameter\Parameters\Object</Filter>
    </ClCompile>
    <ClCompile Include="Code\Engine\Parameter\Parameters\Object\SamplerParameter.cpp">
      <Filter>Parameter\Parameters\Object</Filter>
    </ClCompile>
    <ClCompile Include="Code\Engine\Parameter\Parameters\Object\ShaderResourceParameter.cpp">
      <Filter>Parameter\Parameters\Object</Filter>
    </ClCompile>
    <ClCompile Include="Code\Engine\Parameter\Parameters\Object\UnorderedAccessParameter.cpp">
      <Filter>Parameter\Parameters\Object</Filter>
    </ClCompile>
    <ClCompile Include="Code\Engine\Parameter\Parameters\Struct\StructureParameter.cpp">
      <Filter>Parameter\Parameters\Struct</Filter>
    </ClCompile>
    <ClCompile Include="Code\Engine\Parameter\ParameterWriter\MatrixWriter\MatrixArrayParameterWriter.cpp">
      <Filter>Parameter\ParameterWriter\MatrixWriter</Filter>
    </ClCompile>
    <ClCompile Include="Code\Engine\Parameter\ParameterWriter\MatrixWriter\MatrixParameterWriter.cpp">
      <Filter>Parameter\ParameterWriter\MatrixWriter</Filter>
    </ClCompile>
    <ClCompile Include="Code\Engine\Parameter\ParameterWriter\ObjectWriter\ConstantBufferParameterWriter.cpp">
      <Filter>Parameter\ParameterWriter\ObjectWriter</Filter>
    </ClCompile>
    <ClCompile Include="Code\Engine\Parameter\ParameterWriter\ObjectWriter\SamplerParameterWriter.cpp">
      <Filter>Parameter\ParameterWriter\ObjectWriter</Filter>
    </ClCompile>
    <ClCompile Include="Code\Engine\Parameter\ParameterWriter\ObjectWriter\ShaderResourceParameterWriter.cpp">
      <Filter>Parameter\ParameterWriter\ObjectWriter</Filter>
    </ClCompile>
    <ClCompile Include="Code\Engine\Parameter\ParameterWriter\ObjectWriter\UnorderedAccessParameterWriter.cpp">
      <Filter>Parameter\ParameterWriter\ObjectWriter</Filter>
    </ClCompile>
    <ClCompile Include="Code\Engine\Parameter\ParameterWriter\ScalarWriter\BoolParameterWriter.cpp">
      <Filter>Parameter\ParameterWriter\ScalarWriter</Filter>
    </ClCompile>
    <ClCompile Include="Code\Engine\Parameter\ParameterWriter\ScalarWriter\FloatParameterWriter.cpp">
      <Filter>Parameter\ParameterWriter\ScalarWriter</Filter>
    </ClCompile>
    <ClCompile Include="Code\Engine\Parameter\ParameterWriter\StructWriter\StructureParameterWriter.cpp">
      <Filter>Parameter\ParameterWriter\StructWriter</Filter>
    </ClCompile>
    <ClCompile Include="Code\Engine\Parameter\ParameterWriter\VectorWriter\Vector2fParameterWriter.cpp">
      <Filter>Parameter\ParameterWriter\VectorWriter</Filter>
    </ClCompile>
    <ClCompile Include="Code\Engine\Parameter\ParameterWriter\VectorWriter\Vector3fParameterWriter.cpp">
      <Filter>Parameter\ParameterWriter\VectorWriter</Filter>
    </ClCompile>
    <ClCompile Include="Code\Engine\Parameter\ParameterWriter\VectorWriter\Vector4fParameterWriter.cpp">
      <Filter>Parameter\ParameterWriter\VectorWriter</Filter>
    </ClCompile>
    <ClCompile Include="Code\Engine\Parameter\ParameterWriter\ParameterWriter.cpp">
      <Filter>Parameter\ParameterWriter</Filter>
    </ClCompile>
    <ClCompile Include="Code\Engine\Parameter\ParameterContainer.cpp">
      <Filter>Parameter</Filter>
    </ClCompile>
    <ClCompile Include="Code\Engine\Parameter\ParameterManager.cpp">
      <Filter>Parameter</Filter>
    </ClCompile>
    <ClCompile Include="Code\Engine\Pipeline\PipelineStage\FixedStages\InputAssemblerStage\InputAssemblerStage.cpp">
      <Filter>Pipeline\PipelineStage\FixedStages\InputAssemblerStage</Filter>
    </ClCompile>
    <ClCompile Include="Code\Engine\Pipeline\PipelineStage\FixedStages\InputAssemblerStage\InputAssemblerState.cpp">
      <Filter>Pipeline\PipelineStage\FixedStages\InputAssemblerStage</Filter>
    </ClCompile>
    <ClCompile Include="Code\Engine\Pipeline\PipelineStage\FixedStages\OutputMergeStage\OutputMergeStage.cpp">
      <Filter>Pipeline\PipelineStage\FixedStages\OutputMergeStage</Filter>
    </ClCompile>
    <ClCompile Include="Code\Engine\Pipeline\PipelineStage\FixedStages\OutputMergeStage\OutputMergeStageState.cpp">
      <Filter>Pipeline\PipelineStage\FixedStages\OutputMergeStage</Filter>
    </ClCompile>
    <ClCompile Include="Code\Engine\Pipeline\PipelineStage\FixedStages\RasterizerStage\RasterizerStage.cpp">
      <Filter>Pipeline\PipelineStage\FixedStages\RasterizerStage</Filter>
    </ClCompile>
    <ClCompile Include="Code\Engine\Pipeline\PipelineStage\FixedStages\RasterizerStage\RasterizerStageState.cpp">
      <Filter>Pipeline\PipelineStage\FixedStages\RasterizerStage</Filter>
    </ClCompile>
    <ClCompile Include="Code\Engine\Pipeline\PipelineStage\ProgrammableStage\ShaderProgram\ComputeShader.cpp">
      <Filter>Pipeline\PipelineStage\ProgrammableStage\ShaderProgram</Filter>
    </ClCompile>
    <ClCompile Include="Code\Engine\Pipeline\PipelineStage\ProgrammableStage\ShaderProgram\DomainShader.cpp">
      <Filter>Pipeline\PipelineStage\ProgrammableStage\ShaderProgram</Filter>
    </ClCompile>
    <ClCompile Include="Code\Engine\Pipeline\PipelineStage\ProgrammableStage\ShaderProgram\GeometryShader.cpp">
      <Filter>Pipeline\PipelineStage\ProgrammableStage\ShaderProgram</Filter>
    </ClCompile>
    <ClCompile Include="Code\Engine\Pipeline\PipelineStage\ProgrammableStage\ShaderProgram\HullShader.cpp">
      <Filter>Pipeline\PipelineStage\ProgrammableStage\ShaderProgram</Filter>
    </ClCompile>
    <ClCompile Include="Code\Engine\Pipeline\PipelineStage\ProgrammableStage\ShaderProgram\PixelShader.cpp">
      <Filter>Pipeline\PipelineStage\ProgrammableStage\ShaderProgram</Filter>
    </ClCompile>
    <ClCompile Include="Code\Engine\Pipeline\PipelineStage\ProgrammableStage\ShaderProgram\Shader.cpp">
      <Filter>Pipeline\PipelineStage\ProgrammableStage\ShaderProgram</Filter>
    </ClCompile>
    <ClCompile Include="Code\Engine\Pipeline\PipelineStage\ProgrammableStage\ShaderProgram\VertexShader.cpp">
      <Filter>Pipeline\PipelineStage\ProgrammableStage\ShaderProgram</Filter>
    </ClCompile>
    <ClCompile Include="Code\Engine\Pipeline\PipelineStage\ProgrammableStage\ShaderProgram\Reflection\ShaderReflection.cpp">
      <Filter>Pipeline\PipelineStage\ProgrammableStage\ShaderProgram\Reflection</Filter>
    </ClCompile>
    <ClCompile Include="Code\Engine\Pipeline\PipelineStage\ProgrammableStage\ShaderProgram\Reflection\ShaderReflectionGenerator.cpp">
      <Filter>Pipeline\PipelineStage\ProgrammableStage\ShaderProgram\Reflection</Filter>
    </ClCompile>
    <ClCompile Include="Code\Engine\Pipeline\PipelineStage\ProgrammableStage\Stages\ShaderStage\ComputeStage.cpp">
      <Filter>Pipeline\PipelineStage\ProgrammableStage\Stages\ShaderStage</Filter>
    </ClCompile>
    <ClCompile Include="Code\Engine\Pipeline\PipelineStage\ProgrammableStage\Stages\ShaderStage\DomainStage.cpp">
      <Filter>Pipeline\PipelineStage\ProgrammableStage\Stages\ShaderStage</Filter>
    </ClCompile>
    <ClCompile Include="Code\Engine\Pipeline\PipelineStage\ProgrammableStage\Stages\ShaderStage\GeometryStage.cpp">
      <Filter>Pipeline\PipelineStage\ProgrammableStage\Stages\ShaderStage</Filter>
    </ClCompile>
    <ClCompile Include="Code\Engine\Pipeline\PipelineStage\ProgrammableStage\Stages\ShaderStage\HullStage.cpp">
      <Filter>Pipeline\PipelineStage\ProgrammableStage\Stages\ShaderStage</Filter>
    </ClCompile>
    <ClCompile Include="Code\Engine\Pipeline\PipelineStage\ProgrammableStage\Stages\ShaderStage\PixelStage.cpp">
      <Filter>Pipeline\PipelineStage\ProgrammableStage\Stages\ShaderStage</Filter>
    </ClCompile>
    <ClCompile Include="Code\Engine\Pipeline\PipelineStage\ProgrammableStage\Stages\ShaderStage\ShaderStage.cpp">
      <Filter>Pipeline\PipelineStage\ProgrammableStage\Stages\ShaderStage</Filter>
    </ClCompile>
    <ClCompile Include="Code\Engine\Pipeline\PipelineStage\ProgrammableStage\Stages\ShaderStage\VertexStage.cpp">
      <Filter>Pipeline\PipelineStage\ProgrammableStage\Stages\ShaderStage</Filter>
    </ClCompile>
    <ClCompile Include="Code\Engine\Pipeline\PipelineStage\ProgrammableStage\Stages\State\ShaderStageState.cpp">
      <Filter>Pipeline\PipelineStage\ProgrammableStage\Stages\State</Filter>
    </ClCompile>
    <ClCompile Include="Code\Engine\Pipeline\PipelineStage\ProgrammableStage\ShaderFactory.cpp">
      <Filter>Pipeline\PipelineStage\ProgrammableStage</Filter>
    </ClCompile>
    <ClCompile Include="Code\Engine\Pipeline\PipelineStage\StageExecutor\Basic\VertexElement.cpp">
      <Filter>Pipeline\StageExecutor\Basic</Filter>
    </ClCompile>
    <ClCompile Include="Code\Engine\Pipeline\PipelineStage\StageExecutor\InputAssember\Geometry.cpp">
      <Filter>Pipeline\StageExecutor\InputAssembler</Filter>
    </ClCompile>
    <ClCompile Include="Code\Engine\Pipeline\PipelineStage\StageExecutor\InputAssember\GeometryGenerator.cpp">
      <Filter>Pipeline\StageExecutor\InputAssembler</Filter>
    </ClCompile>
    <ClCompile Include="Code\Engine\Pipeline\PipelineStage\StageExecutor\InputAssember\GeometryLoader.cpp">
      <Filter>Pipeline\StageExecutor\InputAssembler</Filter>
    </ClCompile>
    <ClCompile Include="Code\Engine\Pipeline\PipelineStage\StageExecutor\InputAssember\InputAssemblerStageExecutor.cpp">
      <Filter>Pipeline\StageExecutor\InputAssembler</Filter>
    </ClCompile>
    <ClCompile Include="Code\Engine\Pipeline\PipelineManager.cpp">
      <Filter>Pipeline</Filter>
    </ClCompile>
    <ClCompile Include="Code\Engine\Render\DXGI\DXGIAdapter.cpp">
      <Filter>Render</Filter>
    </ClCompile>
    <ClCompile Include="Code\Engine\Render\DXGI\DXGIOutput.cpp">
      <Filter>Render</Filter>
    </ClCompile>
    <ClCompile Include="Code\Engine\Render\DXGI\Renderer.cpp">
      <Filter>Render</Filter>
    </ClCompile>
    <ClCompile Include="Code\Engine\Render\DXGI\SwapChain.cpp">
      <Filter>Render</Filter>
    </ClCompile>
    <ClCompile Include="Code\Engine\Render\DXGI\SwapChainConfig.cpp">
      <Filter>Render</Filter>
    </ClCompile>
    <ClCompile Include="Code\Engine\Utility\FileLoader.cpp">
      <Filter>Utility</Filter>
    </ClCompile>
    <ClCompile Include="Code\Engine\Utility\FileSystem.cpp">
      <Filter>Utility</Filter>
    </ClCompile>
    <ClCompile Include="Code\Engine\Utility\Log.cpp">
      <Filter>Utility</Filter>
    </ClCompile>
    <ClCompile Include="Code\Engine\Utility\StringUtil.cpp">
      <Filter>Utility</Filter>
    </ClCompile>
    <ClCompile Include="Code\Engine\Utility\Timer.cpp">
      <Filter>Utility</Filter>
    </ClCompile>
    <ClCompile Include="Code\Engine\Script\LuaActor.cpp">
      <Filter>Script</Filter>
    </ClCompile>
    <ClCompile Include="Code\Engine\Script\LuaApp.cpp">
      <Filter>Script</Filter>
    </ClCompile>
    <ClCompile Include="Code\Engine\Script\LuaEffect.cpp">
      <Filter>Script</Filter>
    </ClCompile>
    <ClCompile Include="Code\Engine\Script\LuaEntity.cpp">
      <Filter>Script</Filter>
    </ClCompile>
    <ClCompile Include="Code\Engine\Script\LuaGeometry.cpp">
      <Filter>Script</Filter>
    </ClCompile>
    <ClCompile Include="Code\Engine\Script\LuaMaterial.cpp">
      <Filter>Script</Filter>
    </ClCompile>
    <ClCompile Include="Code\Engine\Script\ScriptManager.cpp">
      <Filter>Script</Filter>
    </ClCompile>
    <ClCompile Include="Code\Engine\Resource\Resource.cpp">
      <Filter>Resource</Filter>
    </ClCompile>
    <ClCompile Include="Code\Engine\Resource\ResourceProxy.cpp">
      <Filter>Resource</Filter>
    </ClCompile>
    <ClCompile Include="Code\Engine\Resource\Buffer\Buffer.cpp">
      <Filter>Resource\Buffer</Filter>
    </ClCompile>
    <ClCompile Include="Code\Engine\Resource\Buffer\BufferConfig.cpp">
      <Filter>Resource\Buffer</Filter>
    </ClCompile>
    <ClCompile Include="Code\Engine\Resource\Buffer\ConstantBuffer.cpp">
      <Filter>Resource\Buffer</Filter>
    </ClCompile>
    <ClCompile Include="Code\Engine\Resource\Buffer\IndexBuffer.cpp">
      <Filter>Resource\Buffer</Filter>
    </ClCompile>
    <ClCompile Include="Code\Engine\Resource\Buffer\StructuredBuffer.cpp">
      <Filter>Resource\Buffer</Filter>
    </ClCompile>
    <ClCompile Include="Code\Engine\Resource\Buffer\VertexBuffer.cpp">
      <Filter>Resource\Buffer</Filter>
    </ClCompile>
    <ClCompile Include="Code\Engine\Resource\ResourceView\DepthStencilView.cpp">
      <Filter>Resource\ResourceView</Filter>
    </ClCompile>
    <ClCompile Include="Code\Engine\Resource\ResourceView\DepthStencilViewConfig.cpp">
      <Filter>Resource\ResourceView</Filter>
    </ClCompile>
    <ClCompile Include="Code\Engine\Resource\ResourceView\RenderTargetView.cpp">
      <Filter>Resource\ResourceView</Filter>
    </ClCompile>
    <ClCompile Include="Code\Engine\Resource\ResourceView\RenderTargetViewConfig.cpp">
      <Filter>Resource\ResourceView</Filter>
    </ClCompile>
    <ClCompile Include="Code\Engine\Resource\ResourceView\ShaderResourceView.cpp">
      <Filter>Resource\ResourceView</Filter>
    </ClCompile>
    <ClCompile Include="Code\Engine\Resource\ResourceView\ShaderResourceViewConfig.cpp">
      <Filter>Resource\ResourceView</Filter>
    </ClCompile>
    <ClCompile Include="Code\Engine\Resource\ResourceView\UnorderedAccessView.cpp">
      <Filter>Resource\ResourceView</Filter>
    </ClCompile>
    <ClCompile Include="Code\Engine\Resource\ResourceView\UnorderedAccessViewConfig.cpp">
      <Filter>Resource\ResourceView</Filter>
    </ClCompile>
    <ClCompile Include="Code\Engine\Resource\State\BlendStateConfig.cpp">
      <Filter>Resource\State</Filter>
    </ClCompile>
    <ClCompile Include="Code\Engine\Resource\State\DepthStencilStateConfig.cpp">
      <Filter>Resource\State</Filter>
    </ClCompile>
    <ClCompile Include="Code\Engine\Resource\State\RasterizerStateConfig.cpp">
      <Filter>Resource\State</Filter>
    </ClCompile>
    <ClCompile Include="Code\Engine\Resource\State\SamplerStateConfig.cpp">
      <Filter>Resource\State</Filter>
    </ClCompile>
    <ClCompile Include="Code\Engine\Resource\State\ViewPort.cpp">
      <Filter>Resource\State</Filter>
    </ClCompile>
    <ClCompile Include="Code\Engine\Resource\Texture\Texture2D.cpp">
      <Filter>Resource\Texture</Filter>
    </ClCompile>
    <ClCompile Include="Code\Engine\Resource\Texture\Texture2DConfig.cpp">
      <Filter>Resource\Texture</Filter>
    </ClCompile>
    <ClCompile Include="Code\Engine\PCH.cpp" />
    <ClCompile Include="ThirdParty\ImGui\inc\imgui.cpp">
      <Filter>IMGUI</Filter>
    </ClCompile>
    <ClCompile Include="ThirdParty\ImGui\inc\imgui_demo.cpp">
      <Filter>IMGUI</Filter>
    </ClCompile>
    <ClCompile Include="ThirdParty\ImGui\inc\imgui_draw.cpp">
      <Filter>IMGUI</Filter>
    </ClCompile>
  </ItemGroup>
  <ItemGroup>
    <None Include="Code\Engine\Base\TArray.inl">
      <Filter>Base</Filter>
    </None>
    <None Include="Code\Engine\Object\Controller\IController.inl">
      <Filter>Object\Controller</Filter>
    </None>
    <None Include="Code\Engine\Object\Controller\OrientationController.inl">
      <Filter>Object\Controller</Filter>
    </None>
    <None Include="Code\Engine\Object\Controller\PositionExtractorController.inl">
      <Filter>Object\Controller</Filter>
    </None>
    <None Include="Code\Engine\Object\Controller\RotationController.inl">
      <Filter>Object\Controller</Filter>
    </None>
    <None Include="Code\Engine\Object\Controller\SpatialController.inl">
      <Filter>Object\Controller</Filter>
    </None>
    <None Include="Code\Engine\Pipeline\PipelineStage\Common\TStateArrayMonitor.inl">
      <Filter>Pipeline\PipelineStage\Common</Filter>
    </None>
    <None Include="Code\Engine\Pipeline\PipelineStage\Common\TStateMonitor.inl">
      <Filter>Pipeline\PipelineStage\Common</Filter>
    </None>
    <None Include="Code\Engine\Resource\Buffer\TGrowableBuffer.inl">
      <Filter>Resource\Buffer</Filter>
    </None>
  </ItemGroup>
</Project>