<?xml version="1.0" encoding="utf-8"?>
<Project ToolsVersion="4.0" xmlns="http://schemas.microsoft.com/developer/msbuild/2003">
  <ItemGroup>
    <Filter Include="资源文件">
      <UniqueIdentifier>{67DA6AB6-F800-4c08-8B7A-83BB121AAD01}</UniqueIdentifier>
      <Extensions>rc;ico;cur;bmp;dlg;rc2;rct;bin;rgs;gif;jpg;jpeg;jpe;resx;tiff;tif;png;wav;mfcribbon-ms</Extensions>
    </Filter>
    <Filter Include="Application">
      <UniqueIdentifier>{93995380-89BD-4b04-88EB-625FBE52EBFB}</UniqueIdentifier>
      <Extensions>h;hh;hpp;hxx;hm;inl;inc;xsd</Extensions>
    </Filter>
    <Filter Include="Utility">
      <UniqueIdentifier>{5a2cf5c6-d233-4ba1-85a0-23cb875af924}</UniqueIdentifier>
    </Filter>
    <Filter Include="Event">
      <UniqueIdentifier>{71574cba-3673-423d-a3ac-b86d31384752}</UniqueIdentifier>
    </Filter>
    <Filter Include="Event\Windows Message">
      <UniqueIdentifier>{456b6ef1-a22c-45a2-8caa-f3eb67cb1833}</UniqueIdentifier>
    </Filter>
    <Filter Include="Event\Windows Message\Keyboard">
      <UniqueIdentifier>{ab01364f-cae1-4558-a934-fb1188e26f34}</UniqueIdentifier>
    </Filter>
    <Filter Include="Event\Windows Message\Mouse">
      <UniqueIdentifier>{79a69074-6c8e-4faa-8d88-0e6c61e6f683}</UniqueIdentifier>
    </Filter>
    <Filter Include="Event\Windows Message\Window">
      <UniqueIdentifier>{a51fb9b3-ee16-4e5b-89b0-f925a9357e18}</UniqueIdentifier>
    </Filter>
    <Filter Include="Event\Render">
      <UniqueIdentifier>{d943593c-b6a8-40e6-a76f-ca9ae494412d}</UniqueIdentifier>
    </Filter>
    <Filter Include="Event\Notification">
      <UniqueIdentifier>{ed4ac5c0-a764-45a2-8328-3b5623218401}</UniqueIdentifier>
    </Filter>
    <Filter Include="Math">
      <UniqueIdentifier>{3044f07b-1690-4454-9026-7e6509267ff0}</UniqueIdentifier>
    </Filter>
    <Filter Include="Render">
      <UniqueIdentifier>{dbb5e819-eaa2-49b0-9855-1ff23bb88ddd}</UniqueIdentifier>
    </Filter>
    <Filter Include="Render\DXGI">
      <UniqueIdentifier>{a770e805-d480-40c9-940b-d5ef50bce660}</UniqueIdentifier>
    </Filter>
    <Filter Include="Render\Resource">
      <UniqueIdentifier>{ea1f2497-6305-4e47-9fd9-74ef865bbec4}</UniqueIdentifier>
    </Filter>
    <Filter Include="Render\Resource\Buffer">
      <UniqueIdentifier>{101b01d5-0f5c-41bf-be30-1330b821f121}</UniqueIdentifier>
    </Filter>
    <Filter Include="Render\Resource\Texture">
      <UniqueIdentifier>{c68dab84-e7f1-4472-a265-fe2fc4e0957c}</UniqueIdentifier>
    </Filter>
    <Filter Include="Render\Resource\ResourceView">
      <UniqueIdentifier>{124d98dd-fbdb-454f-8e81-075f82d3cdb8}</UniqueIdentifier>
    </Filter>
    <Filter Include="Pipeline">
      <UniqueIdentifier>{2aa7961d-6d85-4df9-9f76-a387b20ed1ec}</UniqueIdentifier>
    </Filter>
    <Filter Include="Render\Resource\State">
      <UniqueIdentifier>{474f8e69-f094-4c41-94d1-47c97c67afe5}</UniqueIdentifier>
    </Filter>
    <Filter Include="Pipeline\StageExecutor">
      <UniqueIdentifier>{77cfaf19-43af-4617-9019-11452171cce5}</UniqueIdentifier>
    </Filter>
    <Filter Include="Pipeline\PipelineStage">
      <UniqueIdentifier>{d1060fec-7bc6-401b-95f5-c8a0848ab63b}</UniqueIdentifier>
    </Filter>
    <Filter Include="Pipeline\PipelineStage\ProgrammableStage">
      <UniqueIdentifier>{d99ec2da-2226-4fa7-9edc-0cd4bb59d432}</UniqueIdentifier>
    </Filter>
    <Filter Include="Pipeline\PipelineStage\Common">
      <UniqueIdentifier>{4b4fb4cb-4d40-41b9-8924-40b5ed7e0de1}</UniqueIdentifier>
    </Filter>
    <Filter Include="Pipeline\StageExecutor\InputAssembler">
      <UniqueIdentifier>{8ac4333d-70de-480f-b1d2-3bc4ebbe19d9}</UniqueIdentifier>
    </Filter>
    <Filter Include="Pipeline\StageExecutor\InputAssembler\FileFormat">
      <UniqueIdentifier>{472702a9-68e4-41b3-a630-e7b164f81772}</UniqueIdentifier>
    </Filter>
    <Filter Include="Object">
      <UniqueIdentifier>{a3cdcb80-f465-48f0-8ba4-f1176fdca44e}</UniqueIdentifier>
    </Filter>
    <Filter Include="Object\Controller">
      <UniqueIdentifier>{9ee0fca1-2dc6-4018-a111-6e309b91b49f}</UniqueIdentifier>
    </Filter>
    <Filter Include="Object\Scene">
      <UniqueIdentifier>{5d35b1d1-dc83-493a-834c-9bd34a251094}</UniqueIdentifier>
    </Filter>
    <Filter Include="Pipeline\StageExecutor\Basic">
      <UniqueIdentifier>{0dcdfc2a-1e5b-4eaf-ad43-e05c1eb9888b}</UniqueIdentifier>
    </Filter>
    <Filter Include="Render\Resource\Buffer\Configure">
      <UniqueIdentifier>{15bb4380-75e2-48f4-b21b-41b0ecb561c0}</UniqueIdentifier>
    </Filter>
    <Filter Include="Parameter">
      <UniqueIdentifier>{9dcf9708-6f4b-41ab-8ef1-441c3376731d}</UniqueIdentifier>
    </Filter>
    <Filter Include="Parameter\ParameterWriter">
      <UniqueIdentifier>{fb963b9e-5823-48a7-ba2f-40db1d4bbe6e}</UniqueIdentifier>
    </Filter>
    <Filter Include="Parameter\Parameters">
      <UniqueIdentifier>{d889e48c-adc8-4fd5-b255-999d732ff324}</UniqueIdentifier>
    </Filter>
    <Filter Include="Parameter\Parameters\Numeric">
      <UniqueIdentifier>{9affd454-4fd7-4e03-a39a-e13cfdd451d7}</UniqueIdentifier>
    </Filter>
    <Filter Include="Parameter\Parameters\Object">
      <UniqueIdentifier>{bdc297f1-0a64-4c48-8db4-54d48a3c7a6f}</UniqueIdentifier>
    </Filter>
    <Filter Include="Parameter\Parameters\BaseClass">
      <UniqueIdentifier>{cc688bd5-c247-45f5-99f2-09b810e9006f}</UniqueIdentifier>
    </Filter>
    <Filter Include="Pipeline\PipelineStage\ProgrammableStage\ShaderProgram">
      <UniqueIdentifier>{34e8652c-fb96-410a-8831-033c9d9457f7}</UniqueIdentifier>
    </Filter>
    <Filter Include="Pipeline\PipelineStage\ProgrammableStage\Stages">
      <UniqueIdentifier>{77fef6cc-7d90-4bcf-a081-08354931f107}</UniqueIdentifier>
    </Filter>
    <Filter Include="Pipeline\PipelineStage\ProgrammableStage\ShaderProgram\Reflection">
      <UniqueIdentifier>{69fe48b1-e4a7-42a2-9f0d-2e01d95b49ea}</UniqueIdentifier>
    </Filter>
    <Filter Include="Pipeline\PipelineStage\FixedStages">
      <UniqueIdentifier>{c5cb5edf-593b-47b6-9edb-6a0d820c9c5f}</UniqueIdentifier>
    </Filter>
    <Filter Include="Pipeline\PipelineStage\FixedStages\StreamOutStage">
      <UniqueIdentifier>{27c92bef-f3c7-4ef6-a310-4c20a95e5d35}</UniqueIdentifier>
    </Filter>
    <Filter Include="Pipeline\PipelineStage\FixedStages\InputAssemblerStage">
      <UniqueIdentifier>{58e4861d-7d8e-4bea-b127-a259e7e8553b}</UniqueIdentifier>
    </Filter>
    <Filter Include="Pipeline\PipelineStage\FixedStages\OutputMergeStage">
      <UniqueIdentifier>{8dc21d52-35fd-432e-b3a1-2897aa66eacb}</UniqueIdentifier>
    </Filter>
    <Filter Include="Pipeline\PipelineStage\FixedStages\RasterizerStage">
      <UniqueIdentifier>{15b1236c-e895-4fdb-a62a-08cc7f43f5e9}</UniqueIdentifier>
    </Filter>
    <Filter Include="Pipeline\PipelineStage\ProgrammableStage\Stages\ShaderStage">
      <UniqueIdentifier>{33c3a479-7aef-4842-b451-c29cfd5ceaea}</UniqueIdentifier>
    </Filter>
    <Filter Include="Pipeline\PipelineStage\ProgrammableStage\Stages\State">
      <UniqueIdentifier>{c8cf6663-43c7-411a-ba02-98dd24bbed1d}</UniqueIdentifier>
    </Filter>
    <Filter Include="Object\Actor">
      <UniqueIdentifier>{cc6b5c2a-44be-4876-b3f9-27b1d5cfd3da}</UniqueIdentifier>
    </Filter>
  </ItemGroup>
  <ItemGroup>
    <ClInclude Include="..\Include\Application.h">
      <Filter>Application</Filter>
    </ClInclude>
    <ClInclude Include="..\Include\PCH.h">
      <Filter>Utility</Filter>
    </ClInclude>
    <ClInclude Include="..\Include\IEvent.h">
      <Filter>Event</Filter>
    </ClInclude>
    <ClInclude Include="..\Include\EventWindowMessage.h">
      <Filter>Event\Windows Message</Filter>
    </ClInclude>
    <ClInclude Include="..\Include\EventKeyboardMessage.h">
      <Filter>Event\Windows Message\Keyboard</Filter>
    </ClInclude>
    <ClInclude Include="..\Include\EventKeyUp.h">
      <Filter>Event\Windows Message\Keyboard</Filter>
    </ClInclude>
    <ClInclude Include="..\Include\EventKeyDown.h">
      <Filter>Event\Windows Message\Keyboard</Filter>
    </ClInclude>
    <ClInclude Include="..\Include\EventChar.h">
      <Filter>Event\Windows Message\Keyboard</Filter>
    </ClInclude>
    <ClInclude Include="..\Include\EventMouseMessage.h">
      <Filter>Event\Windows Message\Mouse</Filter>
    </ClInclude>
    <ClInclude Include="..\Include\EventMouseLButtonUp.h">
      <Filter>Event\Windows Message\Mouse</Filter>
    </ClInclude>
    <ClInclude Include="..\Include\EventMouseLButtonDown.h">
      <Filter>Event\Windows Message\Mouse</Filter>
    </ClInclude>
    <ClInclude Include="..\Include\EventMouseRButtonUp.h">
      <Filter>Event\Windows Message\Mouse</Filter>
    </ClInclude>
    <ClInclude Include="..\Include\EventMouseRButtonDown.h">
      <Filter>Event\Windows Message\Mouse</Filter>
    </ClInclude>
    <ClInclude Include="..\Include\EventMouseMButtonUp.h">
      <Filter>Event\Windows Message\Mouse</Filter>
    </ClInclude>
    <ClInclude Include="..\Include\EventMouseMButtonDown.h">
      <Filter>Event\Windows Message\Mouse</Filter>
    </ClInclude>
    <ClInclude Include="..\Include\EventMouseMove.h">
      <Filter>Event\Windows Message\Mouse</Filter>
    </ClInclude>
    <ClInclude Include="..\Include\EventMouseLeave.h">
      <Filter>Event\Windows Message\Mouse</Filter>
    </ClInclude>
    <ClInclude Include="..\Include\EventMouseWheel.h">
      <Filter>Event\Windows Message\Mouse</Filter>
    </ClInclude>
    <ClInclude Include="..\Include\EventWindowResize.h">
      <Filter>Event\Windows Message\Window</Filter>
    </ClInclude>
    <ClInclude Include="..\Include\EventFrameStart.h">
      <Filter>Event\Render</Filter>
    </ClInclude>
    <ClInclude Include="..\Include\EventInfoMessage.h">
      <Filter>Event\Notification</Filter>
    </ClInclude>
    <ClInclude Include="..\Include\EventErrorMessage.h">
      <Filter>Event\Notification</Filter>
    </ClInclude>
    <ClInclude Include="..\Include\IEventListener.h">
      <Filter>Event</Filter>
    </ClInclude>
    <ClInclude Include="..\Include\EventManager.h">
      <Filter>Event</Filter>
    </ClInclude>
    <ClInclude Include="..\Include\IWindowProc.h">
      <Filter>Application</Filter>
    </ClInclude>
    <ClInclude Include="..\Include\RenderWindow.h">
      <Filter>Application</Filter>
    </ClInclude>
    <ClInclude Include="..\Include\Win32RenderWindow.h">
      <Filter>Application</Filter>
    </ClInclude>
    <ClInclude Include="..\Include\Vector2f.h">
      <Filter>Math</Filter>
    </ClInclude>
    <ClInclude Include="..\Include\App.h">
      <Filter>Application</Filter>
    </ClInclude>
    <ClInclude Include="..\Include\Renderer.h">
      <Filter>Render</Filter>
    </ClInclude>
    <ClInclude Include="..\Include\DXGIAdapter.h">
      <Filter>Render\DXGI</Filter>
    </ClInclude>
    <ClInclude Include="..\Include\DXGIOutput.h">
      <Filter>Render\DXGI</Filter>
    </ClInclude>
    <ClInclude Include="..\Include\SwapChainConfig.h">
      <Filter>Render</Filter>
    </ClInclude>
    <ClInclude Include="..\Include\Texture2D.h">
      <Filter>Render\Resource\Texture</Filter>
    </ClInclude>
    <ClInclude Include="..\Include\Resource.h">
      <Filter>Render\Resource</Filter>
    </ClInclude>
    <ClInclude Include="..\Include\Texture2DConfig.h">
      <Filter>Render\Resource\Texture</Filter>
    </ClInclude>
    <ClInclude Include="..\Include\ResourceProxy.h">
      <Filter>Render\Resource</Filter>
    </ClInclude>
    <ClInclude Include="..\Include\ShaderResourceViewConfig.h">
      <Filter>Render\Resource\ResourceView</Filter>
    </ClInclude>
    <ClInclude Include="..\Include\RenderTargetViewConfig.h">
      <Filter>Render\Resource\ResourceView</Filter>
    </ClInclude>
    <ClInclude Include="..\Include\DepthStencilViewConfig.h">
      <Filter>Render\Resource\ResourceView</Filter>
    </ClInclude>
    <ClInclude Include="..\Include\UnorderedAccessViewConfig.h">
      <Filter>Render\Resource\ResourceView</Filter>
    </ClInclude>
    <ClInclude Include="..\Include\RenderTargetView.h">
      <Filter>Render\Resource\ResourceView</Filter>
    </ClInclude>
    <ClInclude Include="..\Include\DepthStencilView.h">
      <Filter>Render\Resource\ResourceView</Filter>
    </ClInclude>
    <ClInclude Include="..\Include\ShaderResoruceView.h">
      <Filter>Render\Resource\ResourceView</Filter>
    </ClInclude>
    <ClInclude Include="..\Include\UnorderedAccessView.h">
      <Filter>Render\Resource\ResourceView</Filter>
    </ClInclude>
    <ClInclude Include="..\Include\SwapChain.h">
      <Filter>Render</Filter>
    </ClInclude>
    <ClInclude Include="..\Include\Log.h">
      <Filter>Utility</Filter>
    </ClInclude>
    <ClInclude Include="..\Include\FileSystem.h">
      <Filter>Utility</Filter>
    </ClInclude>
    <ClInclude Include="..\Include\TStateMonitor.h">
      <Filter>Pipeline\PipelineStage\Common</Filter>
    </ClInclude>
    <ClInclude Include="..\Include\TStateArrayMonitor.h">
      <Filter>Pipeline\PipelineStage\Common</Filter>
    </ClInclude>
    <ClInclude Include="..\Include\InputAssemblerState.h">
      <Filter>Pipeline\PipelineStage\FixedStages\InputAssemblerStage</Filter>
    </ClInclude>
    <ClInclude Include="..\Include\InputAssemblerStage.h">
      <Filter>Pipeline\PipelineStage\FixedStages\InputAssemblerStage</Filter>
    </ClInclude>
    <ClInclude Include="..\Include\RasterizerStage.h">
      <Filter>Pipeline\PipelineStage\FixedStages\RasterizerStage</Filter>
    </ClInclude>
    <ClInclude Include="..\Include\OutputMergeStage.h">
      <Filter>Pipeline\PipelineStage\FixedStages\OutputMergeStage</Filter>
    </ClInclude>
    <ClInclude Include="..\Include\OutputMergeStageState.h">
      <Filter>Pipeline\PipelineStage\FixedStages\OutputMergeStage</Filter>
    </ClInclude>
    <ClInclude Include="..\Include\RasterizerStageState.h">
      <Filter>Pipeline\PipelineStage\FixedStages\RasterizerStage</Filter>
    </ClInclude>
    <ClInclude Include="..\Include\ViewPort.h">
      <Filter>Render\Resource\State</Filter>
    </ClInclude>
    <ClInclude Include="..\Include\PipelineManager.h">
      <Filter>Pipeline</Filter>
    </ClInclude>
    <ClInclude Include="..\Include\RasterizerStateConfig.h">
      <Filter>Render\Resource\State</Filter>
    </ClInclude>
    <ClInclude Include="..\Include\BlendStateConfig.h">
      <Filter>Render\Resource\State</Filter>
    </ClInclude>
    <ClInclude Include="..\Include\DepthStencilStateConfig.h">
      <Filter>Render\Resource\State</Filter>
    </ClInclude>
    <ClInclude Include="..\Include\SampleStateConfig.h">
      <Filter>Render\Resource\State</Filter>
    </ClInclude>
    <ClInclude Include="..\Include\Vector4f.h">
      <Filter>Math</Filter>
    </ClInclude>
    <ClInclude Include="..\Include\Vector3f.h">
      <Filter>Math</Filter>
    </ClInclude>
    <ClInclude Include="..\Include\GeometryLoader.h">
      <Filter>Pipeline\StageExecutor\InputAssembler</Filter>
    </ClInclude>
    <ClInclude Include="..\Include\Geometry.h">
      <Filter>Pipeline\StageExecutor\InputAssembler</Filter>
    </ClInclude>
    <ClInclude Include="..\Include\OBJ.h">
      <Filter>Pipeline\StageExecutor\InputAssembler\FileFormat</Filter>
    </ClInclude>
    <ClInclude Include="..\Include\IController.h">
      <Filter>Object\Controller</Filter>
    </ClInclude>
    <ClInclude Include="..\Include\SpatialController.h">
      <Filter>Object\Controller</Filter>
    </ClInclude>
    <ClInclude Include="..\Include\RotationController.h">
      <Filter>Object\Controller</Filter>
    </ClInclude>
    <ClInclude Include="..\Include\PickRecord.h">
      <Filter>Object\Scene</Filter>
    </ClInclude>
    <ClInclude Include="..\Include\Entity.h">
      <Filter>Object\Scene</Filter>
    </ClInclude>
    <ClInclude Include="..\Include\Node.h">
      <Filter>Object\Scene</Filter>
    </ClInclude>
    <ClInclude Include="..\Include\Scene.h">
      <Filter>Object\Scene</Filter>
    </ClInclude>
    <ClInclude Include="..\Include\Transform.h">
      <Filter>Object\Scene</Filter>
    </ClInclude>
    <ClInclude Include="..\Include\Matrix3f.h">
      <Filter>Math</Filter>
    </ClInclude>
    <ClInclude Include="..\Include\Matrix4f.h">
      <Filter>Math</Filter>
    </ClInclude>
    <ClInclude Include="..\Include\SceneGraph.h">
      <Filter>Object\Scene</Filter>
    </ClInclude>
    <ClInclude Include="..\Include\VertexElement.h">
      <Filter>Pipeline\StageExecutor\Basic</Filter>
    </ClInclude>
    <ClInclude Include="..\Include\Buffer.h">
      <Filter>Render\Resource\Buffer</Filter>
    </ClInclude>
    <ClInclude Include="..\Include\VertexBuffer.h">
      <Filter>Render\Resource\Buffer</Filter>
    </ClInclude>
    <ClInclude Include="..\Include\IndexBuffer.h">
      <Filter>Render\Resource\Buffer</Filter>
    </ClInclude>
    <ClInclude Include="..\Include\ConstantBuffer.h">
      <Filter>Render\Resource\Buffer</Filter>
    </ClInclude>
    <ClInclude Include="..\Include\StructuredBuffer.h">
      <Filter>Render\Resource\Buffer</Filter>
    </ClInclude>
    <ClInclude Include="..\Include\VectorParameter.h">
      <Filter>Parameter\Parameters\Numeric</Filter>
    </ClInclude>
    <ClInclude Include="..\Include\MatrixParameter.h">
      <Filter>Parameter\Parameters\Numeric</Filter>
    </ClInclude>
    <ClInclude Include="..\Include\MatrixArrayParameter.h">
      <Filter>Parameter\Parameters\Numeric</Filter>
    </ClInclude>
    <ClInclude Include="..\Include\ConstantBufferParameter.h">
      <Filter>Parameter\Parameters\Object</Filter>
    </ClInclude>
    <ClInclude Include="..\Include\ShaderResourceParameter.h">
      <Filter>Parameter\Parameters\Object</Filter>
    </ClInclude>
    <ClInclude Include="..\Include\UnorderedAccessParameter.h">
      <Filter>Parameter\Parameters\Object</Filter>
    </ClInclude>
    <ClInclude Include="..\Include\RenderParameter.h">
      <Filter>Parameter\Parameters\BaseClass</Filter>
    </ClInclude>
    <ClInclude Include="..\Include\SamplerParameter.h">
      <Filter>Parameter\Parameters\Object</Filter>
    </ClInclude>
    <ClInclude Include="..\Include\BaseNumericTypeRenderParameter.h">
      <Filter>Parameter\Parameters\BaseClass</Filter>
    </ClInclude>
    <ClInclude Include="..\Include\BufferConfig.h">
      <Filter>Render\Resource\Buffer\Configure</Filter>
    </ClInclude>
    <ClInclude Include="..\Include\ShaderReflection.h">
      <Filter>Pipeline\PipelineStage\ProgrammableStage\ShaderProgram\Reflection</Filter>
    </ClInclude>
    <ClInclude Include="..\Include\SandString.h">
      <Filter>Utility</Filter>
    </ClInclude>
    <ClInclude Include="..\Include\ShaderStructure.h">
      <Filter>Pipeline\PipelineStage\ProgrammableStage\ShaderProgram\Reflection</Filter>
    </ClInclude>
    <ClInclude Include="..\Include\IParameterManager.h">
      <Filter>Parameter</Filter>
    </ClInclude>
    <ClInclude Include="..\Include\ParameterManager.h">
      <Filter>Parameter</Filter>
    </ClInclude>
    <ClInclude Include="..\Include\ShaderReflectionGenerator.h">
      <Filter>Pipeline\PipelineStage\ProgrammableStage\ShaderProgram\Reflection</Filter>
    </ClInclude>
    <ClInclude Include="..\Include\Shader.h">
      <Filter>Pipeline\PipelineStage\ProgrammableStage\ShaderProgram</Filter>
    </ClInclude>
    <ClInclude Include="..\Include\ShaderStage.h">
      <Filter>Pipeline\PipelineStage\ProgrammableStage\Stages\ShaderStage</Filter>
    </ClInclude>
    <ClInclude Include="..\Include\ShaderStageState.h">
      <Filter>Pipeline\PipelineStage\ProgrammableStage\Stages\State</Filter>
    </ClInclude>
    <ClInclude Include="..\Include\VertexStage.h">
      <Filter>Pipeline\PipelineStage\ProgrammableStage\Stages\ShaderStage</Filter>
    </ClInclude>
    <ClInclude Include="..\Include\HullStage.h">
      <Filter>Pipeline\PipelineStage\ProgrammableStage\Stages\ShaderStage</Filter>
    </ClInclude>
    <ClInclude Include="..\Include\DomainStage.h">
      <Filter>Pipeline\PipelineStage\ProgrammableStage\Stages\ShaderStage</Filter>
    </ClInclude>
    <ClInclude Include="..\Include\GeometryStage.h">
      <Filter>Pipeline\PipelineStage\ProgrammableStage\Stages\ShaderStage</Filter>
    </ClInclude>
    <ClInclude Include="..\Include\PixelStage.h">
      <Filter>Pipeline\PipelineStage\ProgrammableStage\Stages\ShaderStage</Filter>
    </ClInclude>
    <ClInclude Include="..\Include\ComputeStage.h">
      <Filter>Pipeline\PipelineStage\ProgrammableStage\Stages\ShaderStage</Filter>
    </ClInclude>
    <ClInclude Include="..\Include\VertexShader.h">
      <Filter>Pipeline\PipelineStage\ProgrammableStage\ShaderProgram</Filter>
    </ClInclude>
    <ClInclude Include="..\Include\HullShader.h">
      <Filter>Pipeline\PipelineStage\ProgrammableStage\ShaderProgram</Filter>
    </ClInclude>
    <ClInclude Include="..\Include\DomainShader.h">
      <Filter>Pipeline\PipelineStage\ProgrammableStage\ShaderProgram</Filter>
    </ClInclude>
    <ClInclude Include="..\Include\GeometryShader.h">
      <Filter>Pipeline\PipelineStage\ProgrammableStage\ShaderProgram</Filter>
    </ClInclude>
    <ClInclude Include="..\Include\PixelShader.h">
      <Filter>Pipeline\PipelineStage\ProgrammableStage\ShaderProgram</Filter>
    </ClInclude>
    <ClInclude Include="..\Include\ComputeShader.h">
      <Filter>Pipeline\PipelineStage\ProgrammableStage\ShaderProgram</Filter>
    </ClInclude>
    <ClInclude Include="..\Include\InputAssemblerStageExecutor.h">
      <Filter>Pipeline\StageExecutor\InputAssembler</Filter>
    </ClInclude>
    <ClInclude Include="..\Include\GeometryGenerator.h">
      <Filter>Pipeline\StageExecutor\InputAssembler</Filter>
    </ClInclude>
    <ClInclude Include="..\Include\ParameterWriter.h">
      <Filter>Parameter\ParameterWriter</Filter>
    </ClInclude>
    <ClInclude Include="..\Include\VectorParameterWriter.h">
      <Filter>Parameter\ParameterWriter</Filter>
    </ClInclude>
    <ClInclude Include="..\Include\MatrixParameterWriter.h">
      <Filter>Parameter\ParameterWriter</Filter>
    </ClInclude>
    <ClInclude Include="..\Include\MatrixArrayParameterWriter.h">
      <Filter>Parameter\ParameterWriter</Filter>
    </ClInclude>
    <ClInclude Include="..\Include\ShaderResourceParameterWriter.h">
      <Filter>Parameter\ParameterWriter</Filter>
    </ClInclude>
    <ClInclude Include="..\Include\ConstantBufferParameterWriter.h">
      <Filter>Parameter\ParameterWriter</Filter>
    </ClInclude>
    <ClInclude Include="..\Include\UnorderedAccessParameterWriter.h">
      <Filter>Parameter\ParameterWriter</Filter>
    </ClInclude>
    <ClInclude Include="..\Include\SamplerParameterWriter.h">
      <Filter>Parameter\ParameterWriter</Filter>
    </ClInclude>
    <ClInclude Include="..\Include\ShaderFactory.h">
      <Filter>Pipeline\PipelineStage\ProgrammableStage</Filter>
    </ClInclude>
    <ClInclude Include="..\Include\FileLoader.h">
      <Filter>Utility</Filter>
    </ClInclude>
    <ClInclude Include="..\Include\Actor.h">
      <Filter>Object\Actor</Filter>
    </ClInclude>
    <ClInclude Include="..\Include\ParameterContainer.h">
      <Filter>Parameter</Filter>
    </ClInclude>
    <ClInclude Include="..\Include\Light.h">
      <Filter>Object\Actor</Filter>
    </ClInclude>
  </ItemGroup>
  <ItemGroup>
    <ClCompile Include="Application.cpp">
      <Filter>Application</Filter>
    </ClCompile>
    <ClCompile Include="EventWindowMessage.cpp">
      <Filter>Event\Windows Message</Filter>
    </ClCompile>
    <ClCompile Include="EventKeyboardMessage.cpp">
      <Filter>Event\Windows Message\Keyboard</Filter>
    </ClCompile>
    <ClCompile Include="EventKeyUp.cpp">
      <Filter>Event\Windows Message\Keyboard</Filter>
    </ClCompile>
    <ClCompile Include="EventKeyDown.cpp">
      <Filter>Event\Windows Message\Keyboard</Filter>
    </ClCompile>
    <ClCompile Include="EventChar.cpp">
      <Filter>Event\Windows Message\Keyboard</Filter>
    </ClCompile>
    <ClCompile Include="EventMouseMessage.cpp">
      <Filter>Event\Windows Message\Mouse</Filter>
    </ClCompile>
    <ClCompile Include="EventMouseLButtonDown.cpp">
      <Filter>Event\Windows Message\Mouse</Filter>
    </ClCompile>
    <ClCompile Include="EventMouseLButtonUp.cpp">
      <Filter>Event\Windows Message\Mouse</Filter>
    </ClCompile>
    <ClCompile Include="EventMouseRButtonUp.cpp">
      <Filter>Event\Windows Message\Mouse</Filter>
    </ClCompile>
    <ClCompile Include="EventMouseRButtonDown.cpp">
      <Filter>Event\Windows Message\Mouse</Filter>
    </ClCompile>
    <ClCompile Include="EventMouseMButtonUp.cpp">
      <Filter>Event\Windows Message\Mouse</Filter>
    </ClCompile>
    <ClCompile Include="EventMouseMButtonDown.cpp">
      <Filter>Event\Windows Message\Mouse</Filter>
    </ClCompile>
    <ClCompile Include="EventMouseMove.cpp">
      <Filter>Event\Windows Message\Mouse</Filter>
    </ClCompile>
    <ClCompile Include="EventMouseLeave.cpp">
      <Filter>Event\Windows Message\Mouse</Filter>
    </ClCompile>
    <ClCompile Include="EventMouseWheel.cpp">
      <Filter>Event\Windows Message\Mouse</Filter>
    </ClCompile>
    <ClCompile Include="EventWindowResize.cpp">
      <Filter>Event\Windows Message\Window</Filter>
    </ClCompile>
    <ClCompile Include="EventFrameStart.cpp">
      <Filter>Event\Render</Filter>
    </ClCompile>
    <ClCompile Include="EventInfoMessage.cpp">
      <Filter>Event\Notification</Filter>
    </ClCompile>
    <ClCompile Include="EventErrorMessage.cpp">
      <Filter>Event\Notification</Filter>
    </ClCompile>
    <ClCompile Include="IEventListener.cpp">
      <Filter>Event</Filter>
    </ClCompile>
    <ClCompile Include="EventManager.cpp">
      <Filter>Event</Filter>
    </ClCompile>
    <ClCompile Include="RenderWindow.cpp">
      <Filter>Application</Filter>
    </ClCompile>
    <ClCompile Include="Win32RenderWindow.cpp">
      <Filter>Application</Filter>
    </ClCompile>
    <ClCompile Include="App.cpp">
      <Filter>Application</Filter>
    </ClCompile>
    <ClCompile Include="Renderer.cpp">
      <Filter>Render</Filter>
    </ClCompile>
    <ClCompile Include="main.cpp">
      <Filter>Application</Filter>
    </ClCompile>
    <ClCompile Include="DXGIAdapter.cpp">
      <Filter>Render\DXGI</Filter>
    </ClCompile>
    <ClCompile Include="DXGIOutput.cpp">
      <Filter>Render\DXGI</Filter>
    </ClCompile>
    <ClCompile Include="SwapChainConfig.cpp">
      <Filter>Render</Filter>
    </ClCompile>
    <ClCompile Include="Resource.cpp">
      <Filter>Render\Resource</Filter>
    </ClCompile>
    <ClCompile Include="Texture2DConfig.cpp">
      <Filter>Render\Resource\Texture</Filter>
    </ClCompile>
    <ClCompile Include="DepthStencilViewConfig.cpp">
      <Filter>Render\Resource\ResourceView</Filter>
    </ClCompile>
    <ClCompile Include="RenderTargetViewConfig.cpp">
      <Filter>Render\Resource\ResourceView</Filter>
    </ClCompile>
    <ClCompile Include="ShaderResourceViewConfig.cpp">
      <Filter>Render\Resource\ResourceView</Filter>
    </ClCompile>
    <ClCompile Include="UnorderedAccessViewConfig.cpp">
      <Filter>Render\Resource\ResourceView</Filter>
    </ClCompile>
    <ClCompile Include="ResourceProxy.cpp">
      <Filter>Render\Resource</Filter>
    </ClCompile>
    <ClCompile Include="RenderTargetView.cpp">
      <Filter>Render\Resource\ResourceView</Filter>
    </ClCompile>
    <ClCompile Include="DepthStencilView.cpp">
      <Filter>Render\Resource\ResourceView</Filter>
    </ClCompile>
    <ClCompile Include="ShaderResourceView.cpp">
      <Filter>Render\Resource\ResourceView</Filter>
    </ClCompile>
    <ClCompile Include="UnorderedAccessView.cpp">
      <Filter>Render\Resource\ResourceView</Filter>
    </ClCompile>
    <ClCompile Include="SwapChain.cpp">
      <Filter>Render</Filter>
    </ClCompile>
    <ClCompile Include="Log.cpp">
      <Filter>Utility</Filter>
    </ClCompile>
    <ClCompile Include="FileSystem.cpp">
      <Filter>Utility</Filter>
    </ClCompile>
    <ClCompile Include="InputAssemblerState.cpp">
      <Filter>Pipeline\PipelineStage\FixedStages\InputAssemblerStage</Filter>
    </ClCompile>
    <ClCompile Include="InputAssemblerStage.cpp">
      <Filter>Pipeline\PipelineStage\FixedStages\InputAssemblerStage</Filter>
    </ClCompile>
    <ClCompile Include="RasterizerStage.cpp">
      <Filter>Pipeline\PipelineStage\FixedStages\RasterizerStage</Filter>
    </ClCompile>
    <ClCompile Include="OutputMergeStage.cpp">
      <Filter>Pipeline\PipelineStage\FixedStages\OutputMergeStage</Filter>
    </ClCompile>
    <ClCompile Include="OutputMergeStageState.cpp">
      <Filter>Pipeline\PipelineStage\FixedStages\OutputMergeStage</Filter>
    </ClCompile>
    <ClCompile Include="RasterizerStageState.cpp">
      <Filter>Pipeline\PipelineStage\FixedStages\RasterizerStage</Filter>
    </ClCompile>
    <ClCompile Include="ViewPort.cpp">
      <Filter>Render\Resource\State</Filter>
    </ClCompile>
    <ClCompile Include="PipelineManager.cpp">
      <Filter>Pipeline</Filter>
    </ClCompile>
    <ClCompile Include="RasterizerStateConfig.cpp">
      <Filter>Render\Resource\State</Filter>
    </ClCompile>
    <ClCompile Include="BlendStateConfig.cpp">
      <Filter>Render\Resource\State</Filter>
    </ClCompile>
    <ClCompile Include="DepthStencilStateConfig.cpp">
      <Filter>Render\Resource\State</Filter>
    </ClCompile>
    <ClCompile Include="SampleStateConfig.cpp">
      <Filter>Render\Resource\State</Filter>
    </ClCompile>
    <ClCompile Include="Vector2f.cpp">
      <Filter>Math</Filter>
    </ClCompile>
    <ClCompile Include="Vector4f.cpp">
      <Filter>Math</Filter>
    </ClCompile>
    <ClCompile Include="Vector3f.cpp">
      <Filter>Math</Filter>
    </ClCompile>
    <ClCompile Include="Texture2D.cpp">
      <Filter>Render\Resource\Texture</Filter>
    </ClCompile>
    <ClCompile Include="PCH.cpp">
      <Filter>Utility</Filter>
    </ClCompile>
    <ClCompile Include="GeometryLoader.cpp">
      <Filter>Pipeline\StageExecutor\InputAssembler</Filter>
    </ClCompile>
    <ClCompile Include="PickRecord.cpp">
      <Filter>Object\Scene</Filter>
    </ClCompile>
    <ClCompile Include="Matrix3f.cpp">
      <Filter>Math</Filter>
    </ClCompile>
    <ClCompile Include="Matrix4f.cpp">
      <Filter>Math</Filter>
    </ClCompile>
    <ClCompile Include="Transform.cpp">
      <Filter>Object\Scene</Filter>
    </ClCompile>
    <ClCompile Include="Entity.cpp">
      <Filter>Object\Scene</Filter>
    </ClCompile>
    <ClCompile Include="Node.cpp">
      <Filter>Object\Scene</Filter>
    </ClCompile>
    <ClCompile Include="Scene.cpp">
      <Filter>Object\Scene</Filter>
    </ClCompile>
    <ClCompile Include="SceneGraph.cpp">
      <Filter>Object\Scene</Filter>
    </ClCompile>
    <ClCompile Include="VertexElement.cpp">
      <Filter>Pipeline\StageExecutor\Basic</Filter>
    </ClCompile>
    <ClCompile Include="Geometry.cpp">
      <Filter>Pipeline\StageExecutor\InputAssembler</Filter>
    </ClCompile>
    <ClCompile Include="Buffer.cpp">
      <Filter>Render\Resource\Buffer</Filter>
    </ClCompile>
    <ClCompile Include="VertexBuffer.cpp">
      <Filter>Render\Resource\Buffer</Filter>
    </ClCompile>
    <ClCompile Include="IndexBuffer.cpp">
      <Filter>Render\Resource\Buffer</Filter>
    </ClCompile>
    <ClCompile Include="ConstantBuffer.cpp">
      <Filter>Render\Resource\Buffer</Filter>
    </ClCompile>
    <ClCompile Include="StructuredBuffer.cpp">
      <Filter>Render\Resource\Buffer</Filter>
    </ClCompile>
    <ClCompile Include="VectorParameter.cpp">
      <Filter>Parameter\Parameters\Numeric</Filter>
    </ClCompile>
    <ClCompile Include="MatrixParameter.cpp">
      <Filter>Parameter\Parameters\Numeric</Filter>
    </ClCompile>
    <ClCompile Include="MatrixArrayParameter.cpp">
      <Filter>Parameter\Parameters\Numeric</Filter>
    </ClCompile>
    <ClCompile Include="ConstantBufferParameter.cpp">
      <Filter>Parameter\Parameters\Object</Filter>
    </ClCompile>
    <ClCompile Include="ShaderResourceParameter.cpp">
      <Filter>Parameter\Parameters\Object</Filter>
    </ClCompile>
    <ClCompile Include="UnorderedAccessParameter.cpp">
      <Filter>Parameter\Parameters\Object</Filter>
    </ClCompile>
    <ClCompile Include="RenderParameter.cpp">
      <Filter>Parameter\Parameters\BaseClass</Filter>
    </ClCompile>
    <ClCompile Include="SamplerParameter.cpp">
      <Filter>Parameter\Parameters\Object</Filter>
    </ClCompile>
    <ClCompile Include="BaseNumericTypeRenderParameter.cpp">
      <Filter>Parameter\Parameters\BaseClass</Filter>
    </ClCompile>
    <ClCompile Include="BufferConfig.cpp">
      <Filter>Render\Resource\Buffer\Configure</Filter>
    </ClCompile>
    <ClCompile Include="SandString.cpp">
      <Filter>Utility</Filter>
    </ClCompile>
    <ClCompile Include="ShaderReflection.cpp">
      <Filter>Pipeline\PipelineStage\ProgrammableStage\ShaderProgram\Reflection</Filter>
    </ClCompile>
    <ClCompile Include="ParameterManager.cpp">
      <Filter>Parameter</Filter>
    </ClCompile>
    <ClCompile Include="Shader.cpp">
      <Filter>Pipeline\PipelineStage\ProgrammableStage\ShaderProgram</Filter>
    </ClCompile>
    <ClCompile Include="ShaderReflectionGenerator.cpp">
      <Filter>Pipeline\PipelineStage\ProgrammableStage\ShaderProgram\Reflection</Filter>
    </ClCompile>
    <ClCompile Include="ShaderStageState.cpp">
      <Filter>Pipeline\PipelineStage\ProgrammableStage\Stages\State</Filter>
    </ClCompile>
    <ClCompile Include="ShaderStage.cpp">
      <Filter>Pipeline\PipelineStage\ProgrammableStage\Stages\ShaderStage</Filter>
    </ClCompile>
    <ClCompile Include="VertexStage.cpp">
      <Filter>Pipeline\PipelineStage\ProgrammableStage\Stages\ShaderStage</Filter>
    </ClCompile>
    <ClCompile Include="HullStage.cpp">
      <Filter>Pipeline\PipelineStage\ProgrammableStage\Stages\ShaderStage</Filter>
    </ClCompile>
    <ClCompile Include="DomainStage.cpp">
      <Filter>Pipeline\PipelineStage\ProgrammableStage\Stages\ShaderStage</Filter>
    </ClCompile>
    <ClCompile Include="GeometryStage.cpp">
      <Filter>Pipeline\PipelineStage\ProgrammableStage\Stages\ShaderStage</Filter>
    </ClCompile>
    <ClCompile Include="PixelStage.cpp">
      <Filter>Pipeline\PipelineStage\ProgrammableStage\Stages\ShaderStage</Filter>
    </ClCompile>
    <ClCompile Include="ComputeStage.cpp">
      <Filter>Pipeline\PipelineStage\ProgrammableStage\Stages\ShaderStage</Filter>
    </ClCompile>
    <ClCompile Include="VertexShader.cpp">
      <Filter>Pipeline\PipelineStage\ProgrammableStage\ShaderProgram</Filter>
    </ClCompile>
    <ClCompile Include="HullShader.cpp">
      <Filter>Pipeline\PipelineStage\ProgrammableStage\ShaderProgram</Filter>
    </ClCompile>
    <ClCompile Include="DomainShader.cpp">
      <Filter>Pipeline\PipelineStage\ProgrammableStage\ShaderProgram</Filter>
    </ClCompile>
    <ClCompile Include="GeometryShader.cpp">
      <Filter>Pipeline\PipelineStage\ProgrammableStage\ShaderProgram</Filter>
    </ClCompile>
    <ClCompile Include="PixelShader.cpp">
      <Filter>Pipeline\PipelineStage\ProgrammableStage\ShaderProgram</Filter>
    </ClCompile>
    <ClCompile Include="ComputeShader.cpp">
      <Filter>Pipeline\PipelineStage\ProgrammableStage\ShaderProgram</Filter>
    </ClCompile>
    <ClCompile Include="InputAssemblerStageExecutor.cpp">
      <Filter>Pipeline\StageExecutor\InputAssembler</Filter>
    </ClCompile>
    <ClCompile Include="GeometryGenerator.cpp">
      <Filter>Pipeline\StageExecutor\InputAssembler</Filter>
    </ClCompile>
    <ClCompile Include="ParameterWriter.cpp">
      <Filter>Parameter\ParameterWriter</Filter>
    </ClCompile>
    <ClCompile Include="VectorParameterWriter.cpp">
      <Filter>Parameter\ParameterWriter</Filter>
    </ClCompile>
    <ClCompile Include="MatrixParameterWriter.cpp">
      <Filter>Parameter\ParameterWriter</Filter>
    </ClCompile>
    <ClCompile Include="MatrixArrayParameterWriter.cpp">
      <Filter>Parameter\ParameterWriter</Filter>
    </ClCompile>
    <ClCompile Include="ShaderResourceParameterWriter.cpp">
      <Filter>Parameter\ParameterWriter</Filter>
    </ClCompile>
    <ClCompile Include="ConstantBufferParameterWriter.cpp">
      <Filter>Parameter\ParameterWriter</Filter>
    </ClCompile>
    <ClCompile Include="UnorderedAccessParameterWriter.cpp">
      <Filter>Parameter\ParameterWriter</Filter>
    </ClCompile>
    <ClCompile Include="SamplerParameterWriter.cpp">
      <Filter>Parameter\ParameterWriter</Filter>
    </ClCompile>
    <ClCompile Include="ShaderFactory.cpp">
      <Filter>Pipeline\PipelineStage\ProgrammableStage</Filter>
    </ClCompile>
    <ClCompile Include="FileLoader.cpp">
      <Filter>Utility</Filter>
    </ClCompile>
    <ClCompile Include="Actor.cpp">
      <Filter>Object\Actor</Filter>
    </ClCompile>
    <ClCompile Include="ParameterContainer.cpp">
      <Filter>Parameter</Filter>
    </ClCompile>
  </ItemGroup>
  <ItemGroup>
    <None Include="..\Include\TStateMonitor.inl">
      <Filter>Pipeline\PipelineStage\Common</Filter>
    </None>
    <None Include="..\Include\TStateArrayMonitor.inl">
      <Filter>Pipeline\PipelineStage\Common</Filter>
    </None>
    <None Include="packages.config" />
    <None Include="..\Include\IController.inl">
      <Filter>Object\Controller</Filter>
    </None>
    <None Include="..\Include\SpatialController.inl">
      <Filter>Object\Controller</Filter>
    </None>
    <None Include="..\Include\RotationController.inl">
      <Filter>Object\Controller</Filter>
    </None>
  </ItemGroup>
</Project>